
Microsoft Visual Studio Solution File, Format Version 12.00
# Visual Studio Version 16
VisualStudioVersion = 16.0.32602.291
MinimumVisualStudioVersion = 10.0.40219.1
Project("{8BC9CEB8-8B4A-11D0-8D11-00A0C91BC942}") = "ITMO.CPP-Course.Practice_01.Ex_01_InputOutput", "ITMO.CPP-Course.Practice_01.Ex_01_InputOutput\ITMO.CPP-Course.Practice_01.Ex_01_InputOutput.vcxproj", "{DF33956A-A3B8-4B18-B2A9-9BC1E3E3E8B4}"
EndProject
Project("{8BC9CEB8-8B4A-11D0-8D11-00A0C91BC942}") = "ITMO.CPP-course.Practice_01.Ex_02_Data_Type_conversion", "ITMO.CPP-course.Practice_01.Ex_02_Data_Type_conversion\ITMO.CPP-course.Practice_01.Ex_02_Data_Type_conversion.vcxproj", "{BD69E339-0B11-4722-BEDC-C7438DF9584B}"
EndProject
Project("{8BC9CEB8-8B4A-11D0-8D11-00A0C91BC942}") = "ITMO.CPP-course.Practice_01.Ex_03_Triangle_square_size", "ITMO.CPP-course.Practice_01.Ex_03_Triangle_square_size\ITMO.CPP-course.Practice_01.Ex_03_Triangle_square_size.vcxproj", "{F5311AD1-587B-47F1-BBF0-7A436581D0E3}"
EndProject
Project("{8BC9CEB8-8B4A-11D0-8D11-00A0C91BC942}") = "ITMO.CPP-course.Practice_01.Control_Task_01", "ITMO.CPP-course.Practice_01.Control_Task_01\ITMO.CPP-course.Practice_01.Control_Task_01.vcxproj", "{7FA3A644-CA48-45A9-8F75-EE2B3AB033A9}"
EndProject
Project("{8BC9CEB8-8B4A-11D0-8D11-00A0C91BC942}") = "ITMO.CPP-course.Practice_02.Ex_01_Find_the_Dot", "ITMO.CPP-course.Practice_02.Ex_01_Find_the_Dot\ITMO.CPP-course.Practice_02.Ex_01_Find_the_Dot.vcxproj", "{DBB595B0-7D76-43AA-A91B-D12FAAC14376}"
EndProject
Project("{8BC9CEB8-8B4A-11D0-8D11-00A0C91BC942}") = "ITMO.CPP-Course.Practice_02.Ex_01.2_Switch", "ITMO.CPP-Course.Practice_02.Ex_01.2_Switch\ITMO.CPP-Course.Practice_02.Ex_01.2_Switch.vcxproj", "{CF6539ED-D104-41B6-A088-B44E192093A7}"
EndProject
Project("{8BC9CEB8-8B4A-11D0-8D11-00A0C91BC942}") = "ITMO.CPP-Course.Practice_02.Ex_02.1_Cycle_post_terms", "ITMO.CPP-Course.Practice_02.Ex_02.1_Cycle_post_terms\ITMO.CPP-Course.Practice_02.Ex_02.1_Cycle_post_terms.vcxproj", "{A26CA08E-C174-488B-8EB2-96EA9530855D}"
EndProject
Project("{8BC9CEB8-8B4A-11D0-8D11-00A0C91BC942}") = "ITMO.CPP-Course.Practice_02.Ex_02.2_Cycle_pre_term", "ITMO.CPP-Course.Practice_02.Ex_02.2_Cycle_pre_term\ITMO.CPP-Course.Practice_02.Ex_02.2_Cycle_pre_term.vcxproj", "{3B33A3E6-B893-4969-97EC-D8B07199ECD5}"
EndProject
Project("{8BC9CEB8-8B4A-11D0-8D11-00A0C91BC942}") = "ITMO.CPP-Course.Practice_02.Ex_03_Cycle_For", "ITMO.CPP-Course.Practice_02.Ex_03_Cycle_For\ITMO.CPP-Course.Practice_02.Ex_03_Cycle_For.vcxproj", "{6A91311C-3B5C-426E-A616-2F85FAC1E117}"
EndProject
Project("{8BC9CEB8-8B4A-11D0-8D11-00A0C91BC942}") = "ITMO.CPP-Course.Practice_02.Ex_04_Sum_on_interval", "ITMO.CPP-Course.Practice_02.Ex_04_Sum_on_interval\ITMO.CPP-Course.Practice_02.Ex_04_Sum_on_interval.vcxproj", "{A0BEA431-EA0D-4F98-AB24-0861F94256F0}"
EndProject
Project("{8BC9CEB8-8B4A-11D0-8D11-00A0C91BC942}") = "ITMO.CPP-Course.Practice_02.Controls_Tasks.01_Check_the_year", "ITMO.CPP-Course.Practice_02.Controls_Tasks.01_Check_the_year\ITMO.CPP-Course.Practice_02.Controls_Tasks.01_Check_the_year.vcxproj", "{534BC8A3-FDEA-4A64-9C90-EF07FB5B46E3}"
EndProject
Project("{8BC9CEB8-8B4A-11D0-8D11-00A0C91BC942}") = "ITMO.CPP-Course.Practice02.Control_Tasks.02_Biggest_Number_out_of_three", "ITMO.CPP-Course.Practice02.Control_Tasks.02_Biggest_Number_out_of_three\ITMO.CPP-Course.Practice02.Control_Tasks.02_Biggest_Number_out_of_three.vcxproj", "{DDC68E18-0F3C-4F8F-914E-F6B446AB25F7}"
EndProject
Project("{8BC9CEB8-8B4A-11D0-8D11-00A0C91BC942}") = "ITMO.CPP-Course.Practice_02.Control_Tasks.03_Coin_Change", "ITMO.CPP-Course.Practice_02.Control_Tasks.03_Coin_Change\ITMO.CPP-Course.Practice_02.Control_Tasks.03_Coin_Change.vcxproj", "{E9606DCB-6257-44C8-86D0-97FFB87E4311}"
EndProject
Project("{8BC9CEB8-8B4A-11D0-8D11-00A0C91BC942}") = "ITMO.CPP-Course.Practice_02.Controls_Tasks.04_Shoot_contest.cpp", "ITMO.CPP-Course.Practice_02.Controls_Tasks.04_Shoot_contest.cpp\ITMO.CPP-Course.Practice_02.Controls_Tasks.04_Shoot_contest.cpp.vcxproj", "{70B3E540-292D-4C7B-AEB4-F3C0614D0782}"
EndProject
Project("{8BC9CEB8-8B4A-11D0-8D11-00A0C91BC942}") = "ITMO.CPP-Course.Practice_03.Ex_01.1_Using_Functions", "ITMO.CPP-Course.Practice_03.Ex_01_Using_Functions\ITMO.CPP-Course.Practice_03.Ex_01_Using_Functions.vcxproj", "{571D9B76-AA07-4468-AA6A-3CC8E8B0E8F8}"
EndProject
Project("{8BC9CEB8-8B4A-11D0-8D11-00A0C91BC942}") = "ITMO.CPP-Course.Practice_03.Ex_01.2_Return_Function_Value", "ITMO.CPP-Course.Practice_03.Ex_02_Return_Function_Value\ITMO.CPP-Course.Practice_03.Ex_02_Return_Function_Value.vcxproj", "{57819FD3-02F9-4848-A4D4-B267E2BB029D}"
EndProject
Project("{8BC9CEB8-8B4A-11D0-8D11-00A0C91BC942}") = "ITMO.CPP-Course.Practice_03.Ex_02.Function_Overload", "ITMO.CPP-Course.Practice_03.Ex_02.Function_Overload\ITMO.CPP-Course.Practice_03.Ex_02.Function_Overload.vcxproj", "{FC72AC02-CD16-4FA3-BAA7-0B8AFE10CB4B}"
EndProject
Project("{8BC9CEB8-8B4A-11D0-8D11-00A0C91BC942}") = "ITMO.CPP-Course.Practice_03.Ex_03.Function_For_Algorithms", "ITMO.CPP-Course.Practice_03.Ex_03.Function_For_Algorithms\ITMO.CPP-Course.Practice_03.Ex_03.Function_For_Algorithms.vcxproj", "{F50AE21D-41AE-48B8-A115-AF20F82F4DE6}"
EndProject
Project("{8BC9CEB8-8B4A-11D0-8D11-00A0C91BC942}") = "ITMO.CPP-Course.Practice_03.Ex_04.Recursion_01_Sum", "ITMO.CPP-Course.Practice_03.Ex_04.Recursion_01_Sum\ITMO.CPP-Course.Practice_03.Ex_04.Recursion_01_Sum.vcxproj", "{DE43C09C-AF11-49CE-9FAB-BB46C8BEAAC7}"
EndProject
Project("{8BC9CEB8-8B4A-11D0-8D11-00A0C91BC942}") = "ITMO.CPP-Course.Practice_03.Ex_04.Recursion_01_Evklid", "ITMO.CPP-Course.Practice_03.Ex_04.Recursion_01_Evklid\ITMO.CPP-Course.Practice_03.Ex_04.Recursion_01_Evklid.vcxproj", "{AA2B3466-9A08-44EC-A71E-E8A0B11927A2}"
EndProject
Project("{8BC9CEB8-8B4A-11D0-8D11-00A0C91BC942}") = "ITMO.CPP-Course.Practice_03.Control_Tasks.01_Size_of_Figure", "ITMO.CPP-Course.Practice_03.Control_Tasks.01_Size_of_Figure\ITMO.CPP-Course.Practice_03.Control_Tasks.01_Size_of_Figure.vcxproj", "{CDFFB041-C51D-46B5-BC58-B838F98887ED}"
EndProject
Project("{8BC9CEB8-8B4A-11D0-8D11-00A0C91BC942}") = "ITMO.CPP-Course.Practice_03.Control_Tasks.02_Iteration_of_Function", "ITMO.CPP-Course.Practice_03.Control_Tasks.02_Iteration_of_Function\ITMO.CPP-Course.Practice_03.Control_Tasks.02_Iteration_of_Function.vcxproj", "{2C5468D7-7B49-4632-A468-7511D2FA6ED7}"
EndProject
Project("{8BC9CEB8-8B4A-11D0-8D11-00A0C91BC942}") = "ITMO.CPP-Course.Practice_03.Control_Tasks.03_Different_Triangles", "ITMO.CPP-Course.Practice_03.Control_Tasks.03_Different_Triangles\ITMO.CPP-Course.Practice_03.Control_Tasks.03_Different_Triangles.vcxproj", "{49AE828A-4CA2-4CA6-9F4A-6AFAF11CD2CC}"
EndProject
Project("{8BC9CEB8-8B4A-11D0-8D11-00A0C91BC942}") = "ITMO.CPP-Course.Practice_03.Control_Tasks.04_Recursion", "ITMO.CPP-Course.Practice_03.Control_Tasks.04_Recursion\ITMO.CPP-Course.Practice_03.Control_Tasks.04_Recursion.vcxproj", "{E8EA3A25-61EE-4E10-A5F1-3A583C921963}"
EndProject
Global
	GlobalSection(SolutionConfigurationPlatforms) = preSolution
		Debug|x64 = Debug|x64
		Debug|x86 = Debug|x86
		Release|x64 = Release|x64
		Release|x86 = Release|x86
	EndGlobalSection
	GlobalSection(ProjectConfigurationPlatforms) = postSolution
		{DF33956A-A3B8-4B18-B2A9-9BC1E3E3E8B4}.Debug|x64.ActiveCfg = Debug|x64
		{DF33956A-A3B8-4B18-B2A9-9BC1E3E3E8B4}.Debug|x64.Build.0 = Debug|x64
		{DF33956A-A3B8-4B18-B2A9-9BC1E3E3E8B4}.Debug|x86.ActiveCfg = Debug|Win32
		{DF33956A-A3B8-4B18-B2A9-9BC1E3E3E8B4}.Debug|x86.Build.0 = Debug|Win32
		{DF33956A-A3B8-4B18-B2A9-9BC1E3E3E8B4}.Release|x64.ActiveCfg = Release|x64
		{DF33956A-A3B8-4B18-B2A9-9BC1E3E3E8B4}.Release|x64.Build.0 = Release|x64
		{DF33956A-A3B8-4B18-B2A9-9BC1E3E3E8B4}.Release|x86.ActiveCfg = Release|Win32
		{DF33956A-A3B8-4B18-B2A9-9BC1E3E3E8B4}.Release|x86.Build.0 = Release|Win32
		{BD69E339-0B11-4722-BEDC-C7438DF9584B}.Debug|x64.ActiveCfg = Debug|x64
		{BD69E339-0B11-4722-BEDC-C7438DF9584B}.Debug|x64.Build.0 = Debug|x64
		{BD69E339-0B11-4722-BEDC-C7438DF9584B}.Debug|x86.ActiveCfg = Debug|Win32
		{BD69E339-0B11-4722-BEDC-C7438DF9584B}.Debug|x86.Build.0 = Debug|Win32
		{BD69E339-0B11-4722-BEDC-C7438DF9584B}.Release|x64.ActiveCfg = Release|x64
		{BD69E339-0B11-4722-BEDC-C7438DF9584B}.Release|x64.Build.0 = Release|x64
		{BD69E339-0B11-4722-BEDC-C7438DF9584B}.Release|x86.ActiveCfg = Release|Win32
		{BD69E339-0B11-4722-BEDC-C7438DF9584B}.Release|x86.Build.0 = Release|Win32
		{F5311AD1-587B-47F1-BBF0-7A436581D0E3}.Debug|x64.ActiveCfg = Debug|x64
		{F5311AD1-587B-47F1-BBF0-7A436581D0E3}.Debug|x64.Build.0 = Debug|x64
		{F5311AD1-587B-47F1-BBF0-7A436581D0E3}.Debug|x86.ActiveCfg = Debug|Win32
		{F5311AD1-587B-47F1-BBF0-7A436581D0E3}.Debug|x86.Build.0 = Debug|Win32
		{F5311AD1-587B-47F1-BBF0-7A436581D0E3}.Release|x64.ActiveCfg = Release|x64
		{F5311AD1-587B-47F1-BBF0-7A436581D0E3}.Release|x64.Build.0 = Release|x64
		{F5311AD1-587B-47F1-BBF0-7A436581D0E3}.Release|x86.ActiveCfg = Release|Win32
		{F5311AD1-587B-47F1-BBF0-7A436581D0E3}.Release|x86.Build.0 = Release|Win32
		{7FA3A644-CA48-45A9-8F75-EE2B3AB033A9}.Debug|x64.ActiveCfg = Debug|x64
		{7FA3A644-CA48-45A9-8F75-EE2B3AB033A9}.Debug|x64.Build.0 = Debug|x64
		{7FA3A644-CA48-45A9-8F75-EE2B3AB033A9}.Debug|x86.ActiveCfg = Debug|Win32
		{7FA3A644-CA48-45A9-8F75-EE2B3AB033A9}.Debug|x86.Build.0 = Debug|Win32
		{7FA3A644-CA48-45A9-8F75-EE2B3AB033A9}.Release|x64.ActiveCfg = Release|x64
		{7FA3A644-CA48-45A9-8F75-EE2B3AB033A9}.Release|x64.Build.0 = Release|x64
		{7FA3A644-CA48-45A9-8F75-EE2B3AB033A9}.Release|x86.ActiveCfg = Release|Win32
		{7FA3A644-CA48-45A9-8F75-EE2B3AB033A9}.Release|x86.Build.0 = Release|Win32
		{DBB595B0-7D76-43AA-A91B-D12FAAC14376}.Debug|x64.ActiveCfg = Debug|x64
		{DBB595B0-7D76-43AA-A91B-D12FAAC14376}.Debug|x64.Build.0 = Debug|x64
		{DBB595B0-7D76-43AA-A91B-D12FAAC14376}.Debug|x86.ActiveCfg = Debug|Win32
		{DBB595B0-7D76-43AA-A91B-D12FAAC14376}.Debug|x86.Build.0 = Debug|Win32
		{DBB595B0-7D76-43AA-A91B-D12FAAC14376}.Release|x64.ActiveCfg = Release|x64
		{DBB595B0-7D76-43AA-A91B-D12FAAC14376}.Release|x64.Build.0 = Release|x64
		{DBB595B0-7D76-43AA-A91B-D12FAAC14376}.Release|x86.ActiveCfg = Release|Win32
		{DBB595B0-7D76-43AA-A91B-D12FAAC14376}.Release|x86.Build.0 = Release|Win32
		{CF6539ED-D104-41B6-A088-B44E192093A7}.Debug|x64.ActiveCfg = Debug|x64
		{CF6539ED-D104-41B6-A088-B44E192093A7}.Debug|x64.Build.0 = Debug|x64
		{CF6539ED-D104-41B6-A088-B44E192093A7}.Debug|x86.ActiveCfg = Debug|Win32
		{CF6539ED-D104-41B6-A088-B44E192093A7}.Debug|x86.Build.0 = Debug|Win32
		{CF6539ED-D104-41B6-A088-B44E192093A7}.Release|x64.ActiveCfg = Release|x64
		{CF6539ED-D104-41B6-A088-B44E192093A7}.Release|x64.Build.0 = Release|x64
		{CF6539ED-D104-41B6-A088-B44E192093A7}.Release|x86.ActiveCfg = Release|Win32
		{CF6539ED-D104-41B6-A088-B44E192093A7}.Release|x86.Build.0 = Release|Win32
		{A26CA08E-C174-488B-8EB2-96EA9530855D}.Debug|x64.ActiveCfg = Debug|x64
		{A26CA08E-C174-488B-8EB2-96EA9530855D}.Debug|x64.Build.0 = Debug|x64
		{A26CA08E-C174-488B-8EB2-96EA9530855D}.Debug|x86.ActiveCfg = Debug|Win32
		{A26CA08E-C174-488B-8EB2-96EA9530855D}.Debug|x86.Build.0 = Debug|Win32
		{A26CA08E-C174-488B-8EB2-96EA9530855D}.Release|x64.ActiveCfg = Release|x64
		{A26CA08E-C174-488B-8EB2-96EA9530855D}.Release|x64.Build.0 = Release|x64
		{A26CA08E-C174-488B-8EB2-96EA9530855D}.Release|x86.ActiveCfg = Release|Win32
		{A26CA08E-C174-488B-8EB2-96EA9530855D}.Release|x86.Build.0 = Release|Win32
		{3B33A3E6-B893-4969-97EC-D8B07199ECD5}.Debug|x64.ActiveCfg = Debug|x64
		{3B33A3E6-B893-4969-97EC-D8B07199ECD5}.Debug|x64.Build.0 = Debug|x64
		{3B33A3E6-B893-4969-97EC-D8B07199ECD5}.Debug|x86.ActiveCfg = Debug|Win32
		{3B33A3E6-B893-4969-97EC-D8B07199ECD5}.Debug|x86.Build.0 = Debug|Win32
		{3B33A3E6-B893-4969-97EC-D8B07199ECD5}.Release|x64.ActiveCfg = Release|x64
		{3B33A3E6-B893-4969-97EC-D8B07199ECD5}.Release|x64.Build.0 = Release|x64
		{3B33A3E6-B893-4969-97EC-D8B07199ECD5}.Release|x86.ActiveCfg = Release|Win32
		{3B33A3E6-B893-4969-97EC-D8B07199ECD5}.Release|x86.Build.0 = Release|Win32
		{6A91311C-3B5C-426E-A616-2F85FAC1E117}.Debug|x64.ActiveCfg = Debug|x64
		{6A91311C-3B5C-426E-A616-2F85FAC1E117}.Debug|x64.Build.0 = Debug|x64
		{6A91311C-3B5C-426E-A616-2F85FAC1E117}.Debug|x86.ActiveCfg = Debug|Win32
		{6A91311C-3B5C-426E-A616-2F85FAC1E117}.Debug|x86.Build.0 = Debug|Win32
		{6A91311C-3B5C-426E-A616-2F85FAC1E117}.Release|x64.ActiveCfg = Release|x64
		{6A91311C-3B5C-426E-A616-2F85FAC1E117}.Release|x64.Build.0 = Release|x64
		{6A91311C-3B5C-426E-A616-2F85FAC1E117}.Release|x86.ActiveCfg = Release|Win32
		{6A91311C-3B5C-426E-A616-2F85FAC1E117}.Release|x86.Build.0 = Release|Win32
		{A0BEA431-EA0D-4F98-AB24-0861F94256F0}.Debug|x64.ActiveCfg = Debug|x64
		{A0BEA431-EA0D-4F98-AB24-0861F94256F0}.Debug|x64.Build.0 = Debug|x64
		{A0BEA431-EA0D-4F98-AB24-0861F94256F0}.Debug|x86.ActiveCfg = Debug|Win32
		{A0BEA431-EA0D-4F98-AB24-0861F94256F0}.Debug|x86.Build.0 = Debug|Win32
		{A0BEA431-EA0D-4F98-AB24-0861F94256F0}.Release|x64.ActiveCfg = Release|x64
		{A0BEA431-EA0D-4F98-AB24-0861F94256F0}.Release|x64.Build.0 = Release|x64
		{A0BEA431-EA0D-4F98-AB24-0861F94256F0}.Release|x86.ActiveCfg = Release|Win32
		{A0BEA431-EA0D-4F98-AB24-0861F94256F0}.Release|x86.Build.0 = Release|Win32
		{534BC8A3-FDEA-4A64-9C90-EF07FB5B46E3}.Debug|x64.ActiveCfg = Debug|x64
		{534BC8A3-FDEA-4A64-9C90-EF07FB5B46E3}.Debug|x64.Build.0 = Debug|x64
		{534BC8A3-FDEA-4A64-9C90-EF07FB5B46E3}.Debug|x86.ActiveCfg = Debug|Win32
		{534BC8A3-FDEA-4A64-9C90-EF07FB5B46E3}.Debug|x86.Build.0 = Debug|Win32
		{534BC8A3-FDEA-4A64-9C90-EF07FB5B46E3}.Release|x64.ActiveCfg = Release|x64
		{534BC8A3-FDEA-4A64-9C90-EF07FB5B46E3}.Release|x64.Build.0 = Release|x64
		{534BC8A3-FDEA-4A64-9C90-EF07FB5B46E3}.Release|x86.ActiveCfg = Release|Win32
		{534BC8A3-FDEA-4A64-9C90-EF07FB5B46E3}.Release|x86.Build.0 = Release|Win32
		{DDC68E18-0F3C-4F8F-914E-F6B446AB25F7}.Debug|x64.ActiveCfg = Debug|x64
		{DDC68E18-0F3C-4F8F-914E-F6B446AB25F7}.Debug|x64.Build.0 = Debug|x64
		{DDC68E18-0F3C-4F8F-914E-F6B446AB25F7}.Debug|x86.ActiveCfg = Debug|Win32
		{DDC68E18-0F3C-4F8F-914E-F6B446AB25F7}.Debug|x86.Build.0 = Debug|Win32
		{DDC68E18-0F3C-4F8F-914E-F6B446AB25F7}.Release|x64.ActiveCfg = Release|x64
		{DDC68E18-0F3C-4F8F-914E-F6B446AB25F7}.Release|x64.Build.0 = Release|x64
		{DDC68E18-0F3C-4F8F-914E-F6B446AB25F7}.Release|x86.ActiveCfg = Release|Win32
		{DDC68E18-0F3C-4F8F-914E-F6B446AB25F7}.Release|x86.Build.0 = Release|Win32
		{E9606DCB-6257-44C8-86D0-97FFB87E4311}.Debug|x64.ActiveCfg = Debug|x64
		{E9606DCB-6257-44C8-86D0-97FFB87E4311}.Debug|x64.Build.0 = Debug|x64
		{E9606DCB-6257-44C8-86D0-97FFB87E4311}.Debug|x86.ActiveCfg = Debug|Win32
		{E9606DCB-6257-44C8-86D0-97FFB87E4311}.Debug|x86.Build.0 = Debug|Win32
		{E9606DCB-6257-44C8-86D0-97FFB87E4311}.Release|x64.ActiveCfg = Release|x64
		{E9606DCB-6257-44C8-86D0-97FFB87E4311}.Release|x64.Build.0 = Release|x64
		{E9606DCB-6257-44C8-86D0-97FFB87E4311}.Release|x86.ActiveCfg = Release|Win32
		{E9606DCB-6257-44C8-86D0-97FFB87E4311}.Release|x86.Build.0 = Release|Win32
		{70B3E540-292D-4C7B-AEB4-F3C0614D0782}.Debug|x64.ActiveCfg = Debug|x64
		{70B3E540-292D-4C7B-AEB4-F3C0614D0782}.Debug|x64.Build.0 = Debug|x64
		{70B3E540-292D-4C7B-AEB4-F3C0614D0782}.Debug|x86.ActiveCfg = Debug|Win32
		{70B3E540-292D-4C7B-AEB4-F3C0614D0782}.Debug|x86.Build.0 = Debug|Win32
		{70B3E540-292D-4C7B-AEB4-F3C0614D0782}.Release|x64.ActiveCfg = Release|x64
		{70B3E540-292D-4C7B-AEB4-F3C0614D0782}.Release|x64.Build.0 = Release|x64
		{70B3E540-292D-4C7B-AEB4-F3C0614D0782}.Release|x86.ActiveCfg = Release|Win32
		{70B3E540-292D-4C7B-AEB4-F3C0614D0782}.Release|x86.Build.0 = Release|Win32
		{571D9B76-AA07-4468-AA6A-3CC8E8B0E8F8}.Debug|x64.ActiveCfg = Debug|x64
		{571D9B76-AA07-4468-AA6A-3CC8E8B0E8F8}.Debug|x64.Build.0 = Debug|x64
		{571D9B76-AA07-4468-AA6A-3CC8E8B0E8F8}.Debug|x86.ActiveCfg = Debug|Win32
		{571D9B76-AA07-4468-AA6A-3CC8E8B0E8F8}.Debug|x86.Build.0 = Debug|Win32
		{571D9B76-AA07-4468-AA6A-3CC8E8B0E8F8}.Release|x64.ActiveCfg = Release|x64
		{571D9B76-AA07-4468-AA6A-3CC8E8B0E8F8}.Release|x64.Build.0 = Release|x64
		{571D9B76-AA07-4468-AA6A-3CC8E8B0E8F8}.Release|x86.ActiveCfg = Release|Win32
		{571D9B76-AA07-4468-AA6A-3CC8E8B0E8F8}.Release|x86.Build.0 = Release|Win32
		{57819FD3-02F9-4848-A4D4-B267E2BB029D}.Debug|x64.ActiveCfg = Debug|x64
		{57819FD3-02F9-4848-A4D4-B267E2BB029D}.Debug|x64.Build.0 = Debug|x64
		{57819FD3-02F9-4848-A4D4-B267E2BB029D}.Debug|x86.ActiveCfg = Debug|Win32
		{57819FD3-02F9-4848-A4D4-B267E2BB029D}.Debug|x86.Build.0 = Debug|Win32
		{57819FD3-02F9-4848-A4D4-B267E2BB029D}.Release|x64.ActiveCfg = Release|x64
		{57819FD3-02F9-4848-A4D4-B267E2BB029D}.Release|x64.Build.0 = Release|x64
		{57819FD3-02F9-4848-A4D4-B267E2BB029D}.Release|x86.ActiveCfg = Release|Win32
		{57819FD3-02F9-4848-A4D4-B267E2BB029D}.Release|x86.Build.0 = Release|Win32
		{FC72AC02-CD16-4FA3-BAA7-0B8AFE10CB4B}.Debug|x64.ActiveCfg = Debug|x64
		{FC72AC02-CD16-4FA3-BAA7-0B8AFE10CB4B}.Debug|x64.Build.0 = Debug|x64
		{FC72AC02-CD16-4FA3-BAA7-0B8AFE10CB4B}.Debug|x86.ActiveCfg = Debug|Win32
		{FC72AC02-CD16-4FA3-BAA7-0B8AFE10CB4B}.Debug|x86.Build.0 = Debug|Win32
		{FC72AC02-CD16-4FA3-BAA7-0B8AFE10CB4B}.Release|x64.ActiveCfg = Release|x64
		{FC72AC02-CD16-4FA3-BAA7-0B8AFE10CB4B}.Release|x64.Build.0 = Release|x64
		{FC72AC02-CD16-4FA3-BAA7-0B8AFE10CB4B}.Release|x86.ActiveCfg = Release|Win32
		{FC72AC02-CD16-4FA3-BAA7-0B8AFE10CB4B}.Release|x86.Build.0 = Release|Win32
		{F50AE21D-41AE-48B8-A115-AF20F82F4DE6}.Debug|x64.ActiveCfg = Debug|x64
		{F50AE21D-41AE-48B8-A115-AF20F82F4DE6}.Debug|x64.Build.0 = Debug|x64
		{F50AE21D-41AE-48B8-A115-AF20F82F4DE6}.Debug|x86.ActiveCfg = Debug|Win32
		{F50AE21D-41AE-48B8-A115-AF20F82F4DE6}.Debug|x86.Build.0 = Debug|Win32
		{F50AE21D-41AE-48B8-A115-AF20F82F4DE6}.Release|x64.ActiveCfg = Release|x64
		{F50AE21D-41AE-48B8-A115-AF20F82F4DE6}.Release|x64.Build.0 = Release|x64
		{F50AE21D-41AE-48B8-A115-AF20F82F4DE6}.Release|x86.ActiveCfg = Release|Win32
		{F50AE21D-41AE-48B8-A115-AF20F82F4DE6}.Release|x86.Build.0 = Release|Win32
		{DE43C09C-AF11-49CE-9FAB-BB46C8BEAAC7}.Debug|x64.ActiveCfg = Debug|x64
		{DE43C09C-AF11-49CE-9FAB-BB46C8BEAAC7}.Debug|x64.Build.0 = Debug|x64
		{DE43C09C-AF11-49CE-9FAB-BB46C8BEAAC7}.Debug|x86.ActiveCfg = Debug|Win32
		{DE43C09C-AF11-49CE-9FAB-BB46C8BEAAC7}.Debug|x86.Build.0 = Debug|Win32
		{DE43C09C-AF11-49CE-9FAB-BB46C8BEAAC7}.Release|x64.ActiveCfg = Release|x64
		{DE43C09C-AF11-49CE-9FAB-BB46C8BEAAC7}.Release|x64.Build.0 = Release|x64
		{DE43C09C-AF11-49CE-9FAB-BB46C8BEAAC7}.Release|x86.ActiveCfg = Release|Win32
		{DE43C09C-AF11-49CE-9FAB-BB46C8BEAAC7}.Release|x86.Build.0 = Release|Win32
		{AA2B3466-9A08-44EC-A71E-E8A0B11927A2}.Debug|x64.ActiveCfg = Debug|x64
		{AA2B3466-9A08-44EC-A71E-E8A0B11927A2}.Debug|x64.Build.0 = Debug|x64
		{AA2B3466-9A08-44EC-A71E-E8A0B11927A2}.Debug|x86.ActiveCfg = Debug|Win32
		{AA2B3466-9A08-44EC-A71E-E8A0B11927A2}.Debug|x86.Build.0 = Debug|Win32
		{AA2B3466-9A08-44EC-A71E-E8A0B11927A2}.Release|x64.ActiveCfg = Release|x64
		{AA2B3466-9A08-44EC-A71E-E8A0B11927A2}.Release|x64.Build.0 = Release|x64
		{AA2B3466-9A08-44EC-A71E-E8A0B11927A2}.Release|x86.ActiveCfg = Release|Win32
		{AA2B3466-9A08-44EC-A71E-E8A0B11927A2}.Release|x86.Build.0 = Release|Win32
		{CDFFB041-C51D-46B5-BC58-B838F98887ED}.Debug|x64.ActiveCfg = Debug|x64
		{CDFFB041-C51D-46B5-BC58-B838F98887ED}.Debug|x64.Build.0 = Debug|x64
		{CDFFB041-C51D-46B5-BC58-B838F98887ED}.Debug|x86.ActiveCfg = Debug|Win32
		{CDFFB041-C51D-46B5-BC58-B838F98887ED}.Debug|x86.Build.0 = Debug|Win32
		{CDFFB041-C51D-46B5-BC58-B838F98887ED}.Release|x64.ActiveCfg = Release|x64
		{CDFFB041-C51D-46B5-BC58-B838F98887ED}.Release|x64.Build.0 = Release|x64
		{CDFFB041-C51D-46B5-BC58-B838F98887ED}.Release|x86.ActiveCfg = Release|Win32
		{CDFFB041-C51D-46B5-BC58-B838F98887ED}.Release|x86.Build.0 = Release|Win32
		{2C5468D7-7B49-4632-A468-7511D2FA6ED7}.Debug|x64.ActiveCfg = Debug|x64
		{2C5468D7-7B49-4632-A468-7511D2FA6ED7}.Debug|x64.Build.0 = Debug|x64
		{2C5468D7-7B49-4632-A468-7511D2FA6ED7}.Debug|x86.ActiveCfg = Debug|Win32
		{2C5468D7-7B49-4632-A468-7511D2FA6ED7}.Debug|x86.Build.0 = Debug|Win32
		{2C5468D7-7B49-4632-A468-7511D2FA6ED7}.Release|x64.ActiveCfg = Release|x64
		{2C5468D7-7B49-4632-A468-7511D2FA6ED7}.Release|x64.Build.0 = Release|x64
		{2C5468D7-7B49-4632-A468-7511D2FA6ED7}.Release|x86.ActiveCfg = Release|Win32
		{2C5468D7-7B49-4632-A468-7511D2FA6ED7}.Release|x86.Build.0 = Release|Win32
		{49AE828A-4CA2-4CA6-9F4A-6AFAF11CD2CC}.Debug|x64.ActiveCfg = Debug|x64
		{49AE828A-4CA2-4CA6-9F4A-6AFAF11CD2CC}.Debug|x64.Build.0 = Debug|x64
		{49AE828A-4CA2-4CA6-9F4A-6AFAF11CD2CC}.Debug|x86.ActiveCfg = Debug|Win32
		{49AE828A-4CA2-4CA6-9F4A-6AFAF11CD2CC}.Debug|x86.Build.0 = Debug|Win32
		{49AE828A-4CA2-4CA6-9F4A-6AFAF11CD2CC}.Release|x64.ActiveCfg = Release|x64
		{49AE828A-4CA2-4CA6-9F4A-6AFAF11CD2CC}.Release|x64.Build.0 = Release|x64
		{49AE828A-4CA2-4CA6-9F4A-6AFAF11CD2CC}.Release|x86.ActiveCfg = Release|Win32
		{49AE828A-4CA2-4CA6-9F4A-6AFAF11CD2CC}.Release|x86.Build.0 = Release|Win32
		{E8EA3A25-61EE-4E10-A5F1-3A583C921963}.Debug|x64.ActiveCfg = Debug|x64
		{E8EA3A25-61EE-4E10-A5F1-3A583C921963}.Debug|x64.Build.0 = Debug|x64
		{E8EA3A25-61EE-4E10-A5F1-3A583C921963}.Debug|x86.ActiveCfg = Debug|Win32
		{E8EA3A25-61EE-4E10-A5F1-3A583C921963}.Debug|x86.Build.0 = Debug|Win32
		{E8EA3A25-61EE-4E10-A5F1-3A583C921963}.Release|x64.ActiveCfg = Release|x64
		{E8EA3A25-61EE-4E10-A5F1-3A583C921963}.Release|x64.Build.0 = Release|x64
		{E8EA3A25-61EE-4E10-A5F1-3A583C921963}.Release|x86.ActiveCfg = Release|Win32
		{E8EA3A25-61EE-4E10-A5F1-3A583C921963}.Release|x86.Build.0 = Release|Win32
	EndGlobalSection
	GlobalSection(SolutionProperties) = preSolution
		HideSolutionNode = FALSE
	EndGlobalSection
	GlobalSection(ExtensibilityGlobals) = postSolution
		SolutionGuid = {2083A9F7-CBC6-473C-AACC-29987422BC2E}
	EndGlobalSection
EndGlobal
