
Microsoft Visual Studio Solution File, Format Version 12.00
# Visual Studio Version 16
VisualStudioVersion = 16.0.32602.291
MinimumVisualStudioVersion = 10.0.40219.1
Project("{8BC9CEB8-8B4A-11D0-8D11-00A0C91BC942}") = "ITMO.CPP-Course.Practice_01.Ex_01_InputOutput", "ITMO.CPP-Course.Practice_01.Ex_01_InputOutput\ITMO.CPP-Course.Practice_01.Ex_01_InputOutput.vcxproj", "{DF33956A-A3B8-4B18-B2A9-9BC1E3E3E8B4}"
EndProject
Project("{8BC9CEB8-8B4A-11D0-8D11-00A0C91BC942}") = "ITMO.CPP-course.Practice_01.Ex_02_Data_Type_conversion", "ITMO.CPP-course.Practice_01.Ex_02_Data_Type_conversion\ITMO.CPP-course.Practice_01.Ex_02_Data_Type_conversion.vcxproj", "{BD69E339-0B11-4722-BEDC-C7438DF9584B}"
EndProject
Project("{8BC9CEB8-8B4A-11D0-8D11-00A0C91BC942}") = "ITMO.CPP-course.Practice_01.Ex_03_Triangle_square_size", "ITMO.CPP-course.Practice_01.Ex_03_Triangle_square_size\ITMO.CPP-course.Practice_01.Ex_03_Triangle_square_size.vcxproj", "{F5311AD1-587B-47F1-BBF0-7A436581D0E3}"
EndProject
Project("{8BC9CEB8-8B4A-11D0-8D11-00A0C91BC942}") = "ITMO.CPP-course.Practice_01.Control_Task_01", "ITMO.CPP-course.Practice_01.Control_Task_01\ITMO.CPP-course.Practice_01.Control_Task_01.vcxproj", "{7FA3A644-CA48-45A9-8F75-EE2B3AB033A9}"
EndProject
Project("{8BC9CEB8-8B4A-11D0-8D11-00A0C91BC942}") = "ITMO.CPP-course.Practice_02.Ex_01_Find_the_Dot", "ITMO.CPP-course.Practice_02.Ex_01_Find_the_Dot\ITMO.CPP-course.Practice_02.Ex_01_Find_the_Dot.vcxproj", "{DBB595B0-7D76-43AA-A91B-D12FAAC14376}"
EndProject
Project("{8BC9CEB8-8B4A-11D0-8D11-00A0C91BC942}") = "ITMO.CPP-Course.Practice_02.Ex_01.2_Switch", "ITMO.CPP-Course.Practice_02.Ex_01.2_Switch\ITMO.CPP-Course.Practice_02.Ex_01.2_Switch.vcxproj", "{CF6539ED-D104-41B6-A088-B44E192093A7}"
EndProject
Project("{8BC9CEB8-8B4A-11D0-8D11-00A0C91BC942}") = "ITMO.CPP-Course.Practice_02.Ex_02.1_Cycle_post_terms", "ITMO.CPP-Course.Practice_02.Ex_02.1_Cycle_post_terms\ITMO.CPP-Course.Practice_02.Ex_02.1_Cycle_post_terms.vcxproj", "{A26CA08E-C174-488B-8EB2-96EA9530855D}"
EndProject
Project("{8BC9CEB8-8B4A-11D0-8D11-00A0C91BC942}") = "ITMO.CPP-Course.Practice_02.Ex_02.2_Cycle_pre_term", "ITMO.CPP-Course.Practice_02.Ex_02.2_Cycle_pre_term\ITMO.CPP-Course.Practice_02.Ex_02.2_Cycle_pre_term.vcxproj", "{3B33A3E6-B893-4969-97EC-D8B07199ECD5}"
EndProject
Project("{8BC9CEB8-8B4A-11D0-8D11-00A0C91BC942}") = "ITMO.CPP-Course.Practice_02.Ex_03_Cycle_For", "ITMO.CPP-Course.Practice_02.Ex_03_Cycle_For\ITMO.CPP-Course.Practice_02.Ex_03_Cycle_For.vcxproj", "{6A91311C-3B5C-426E-A616-2F85FAC1E117}"
EndProject
Project("{8BC9CEB8-8B4A-11D0-8D11-00A0C91BC942}") = "ITMO.CPP-Course.Practice_02.Ex_04_Sum_on_interval", "ITMO.CPP-Course.Practice_02.Ex_04_Sum_on_interval\ITMO.CPP-Course.Practice_02.Ex_04_Sum_on_interval.vcxproj", "{A0BEA431-EA0D-4F98-AB24-0861F94256F0}"
EndProject
Project("{8BC9CEB8-8B4A-11D0-8D11-00A0C91BC942}") = "ITMO.CPP-Course.Practice_02.Controls_Tasks.01_Check_the_year", "ITMO.CPP-Course.Practice_02.Controls_Tasks.01_Check_the_year\ITMO.CPP-Course.Practice_02.Controls_Tasks.01_Check_the_year.vcxproj", "{534BC8A3-FDEA-4A64-9C90-EF07FB5B46E3}"
EndProject
Project("{8BC9CEB8-8B4A-11D0-8D11-00A0C91BC942}") = "ITMO.CPP-Course.Practice02.Control_Tasks.02_Biggest_Number_out_of_three", "ITMO.CPP-Course.Practice02.Control_Tasks.02_Biggest_Number_out_of_three\ITMO.CPP-Course.Practice02.Control_Tasks.02_Biggest_Number_out_of_three.vcxproj", "{DDC68E18-0F3C-4F8F-914E-F6B446AB25F7}"
EndProject
Project("{8BC9CEB8-8B4A-11D0-8D11-00A0C91BC942}") = "ITMO.CPP-Course.Practice_02.Control_Tasks.03_Coin_Change", "ITMO.CPP-Course.Practice_02.Control_Tasks.03_Coin_Change\ITMO.CPP-Course.Practice_02.Control_Tasks.03_Coin_Change.vcxproj", "{E9606DCB-6257-44C8-86D0-97FFB87E4311}"
EndProject
Project("{8BC9CEB8-8B4A-11D0-8D11-00A0C91BC942}") = "ITMO.CPP-Course.Practice_02.Controls_Tasks.04_Shoot_contest.cpp", "ITMO.CPP-Course.Practice_02.Controls_Tasks.04_Shoot_contest.cpp\ITMO.CPP-Course.Practice_02.Controls_Tasks.04_Shoot_contest.cpp.vcxproj", "{70B3E540-292D-4C7B-AEB4-F3C0614D0782}"
EndProject
Project("{8BC9CEB8-8B4A-11D0-8D11-00A0C91BC942}") = "ITMO.CPP-Course.Practice_03.Ex_01.1_Using_Functions", "ITMO.CPP-Course.Practice_03.Ex_01_Using_Functions\ITMO.CPP-Course.Practice_03.Ex_01_Using_Functions.vcxproj", "{571D9B76-AA07-4468-AA6A-3CC8E8B0E8F8}"
EndProject
Project("{8BC9CEB8-8B4A-11D0-8D11-00A0C91BC942}") = "ITMO.CPP-Course.Practice_03.Ex_01.2_Return_Function_Value", "ITMO.CPP-Course.Practice_03.Ex_02_Return_Function_Value\ITMO.CPP-Course.Practice_03.Ex_02_Return_Function_Value.vcxproj", "{57819FD3-02F9-4848-A4D4-B267E2BB029D}"
EndProject
Project("{8BC9CEB8-8B4A-11D0-8D11-00A0C91BC942}") = "ITMO.CPP-Course.Practice_03.Ex_02.Function_Overload", "ITMO.CPP-Course.Practice_03.Ex_02.Function_Overload\ITMO.CPP-Course.Practice_03.Ex_02.Function_Overload.vcxproj", "{FC72AC02-CD16-4FA3-BAA7-0B8AFE10CB4B}"
EndProject
Project("{8BC9CEB8-8B4A-11D0-8D11-00A0C91BC942}") = "ITMO.CPP-Course.Practice_03.Ex_03.Function_For_Algorithms", "ITMO.CPP-Course.Practice_03.Ex_03.Function_For_Algorithms\ITMO.CPP-Course.Practice_03.Ex_03.Function_For_Algorithms.vcxproj", "{F50AE21D-41AE-48B8-A115-AF20F82F4DE6}"
EndProject
Project("{8BC9CEB8-8B4A-11D0-8D11-00A0C91BC942}") = "ITMO.CPP-Course.Practice_03.Ex_04.Recursion_01_Sum", "ITMO.CPP-Course.Practice_03.Ex_04.Recursion_01_Sum\ITMO.CPP-Course.Practice_03.Ex_04.Recursion_01_Sum.vcxproj", "{DE43C09C-AF11-49CE-9FAB-BB46C8BEAAC7}"
EndProject
Project("{8BC9CEB8-8B4A-11D0-8D11-00A0C91BC942}") = "ITMO.CPP-Course.Practice_03.Ex_04.Recursion_01_Evklid", "ITMO.CPP-Course.Practice_03.Ex_04.Recursion_01_Evklid\ITMO.CPP-Course.Practice_03.Ex_04.Recursion_01_Evklid.vcxproj", "{AA2B3466-9A08-44EC-A71E-E8A0B11927A2}"
EndProject
Project("{8BC9CEB8-8B4A-11D0-8D11-00A0C91BC942}") = "ITMO.CPP-Course.Practice_03.Control_Tasks.01_Size_of_Figure", "ITMO.CPP-Course.Practice_03.Control_Tasks.01_Size_of_Figure\ITMO.CPP-Course.Practice_03.Control_Tasks.01_Size_of_Figure.vcxproj", "{CDFFB041-C51D-46B5-BC58-B838F98887ED}"
EndProject
Project("{8BC9CEB8-8B4A-11D0-8D11-00A0C91BC942}") = "ITMO.CPP-Course.Practice_03.Control_Tasks.02_Iteration_of_Function", "ITMO.CPP-Course.Practice_03.Control_Tasks.02_Iteration_of_Function\ITMO.CPP-Course.Practice_03.Control_Tasks.02_Iteration_of_Function.vcxproj", "{2C5468D7-7B49-4632-A468-7511D2FA6ED7}"
EndProject
Project("{8BC9CEB8-8B4A-11D0-8D11-00A0C91BC942}") = "ITMO.CPP-Course.Practice_03.Control_Tasks.03_Different_Triangles", "ITMO.CPP-Course.Practice_03.Control_Tasks.03_Different_Triangles\ITMO.CPP-Course.Practice_03.Control_Tasks.03_Different_Triangles.vcxproj", "{49AE828A-4CA2-4CA6-9F4A-6AFAF11CD2CC}"
EndProject
Project("{8BC9CEB8-8B4A-11D0-8D11-00A0C91BC942}") = "ITMO.CPP-Course.Practice_03.Control_Tasks.04_Recursion", "ITMO.CPP-Course.Practice_03.Control_Tasks.04_Recursion\ITMO.CPP-Course.Practice_03.Control_Tasks.04_Recursion.vcxproj", "{E8EA3A25-61EE-4E10-A5F1-3A583C921963}"
EndProject
Project("{8BC9CEB8-8B4A-11D0-8D11-00A0C91BC942}") = "ITMO.CPP-Course.Practice_03.Control_Tasks.05_Recursion2", "ITMO.CPP-Course.Practice_03.Control_Tasks.05_Recursion2\ITMO.CPP-Course.Practice_03.Control_Tasks.05_Recursion2.vcxproj", "{4724DB5F-E3B1-4F46-BC46-C14078081D6F}"
EndProject
Project("{8BC9CEB8-8B4A-11D0-8D11-00A0C91BC942}") = "ITMO.CPP-Course.Practice_04.Ex_01_Pass_Parameters", "ITMO.CPP-Course.Practice_04.Ex_01_Pass_Parameters\ITMO.CPP-Course.Practice_04.Ex_01_Pass_Parameters.vcxproj", "{5890B68C-B715-46C0-9C93-261B75DE939A}"
EndProject
Project("{8BC9CEB8-8B4A-11D0-8D11-00A0C91BC942}") = "ITMO.CPP-Course.Practice_04.Ex_02_Exchange_Parameters", "ITMO.CPP-Course.Practice_04.Ex_02_Exchange_Parameters\ITMO.CPP-Course.Practice_04.Ex_02_Exchange_Parameters.vcxproj", "{D5455EAE-05C1-4434-ABF7-EE5D89A1DF56}"
EndProject
Project("{8BC9CEB8-8B4A-11D0-8D11-00A0C91BC942}") = "ITMO.CPP-Course.Practice_04.Control_Tasks.01_SqRoots", "ITMO.CPP-Course.Practice_04.Control_Tasks.01_SqRoots\ITMO.CPP-Course.Practice_04.Control_Tasks.01_SqRoots.vcxproj", "{B83DACC9-C565-477D-B8CC-13BECE7A0AFA}"
EndProject
Project("{8BC9CEB8-8B4A-11D0-8D11-00A0C91BC942}") = "ITMO.CPP-Course.Practice_04.Control_Tasks.02_FalseCheck", "ITMO.CPP-Course.Practice_04.Control_Tasks.02_FalseCheck\ITMO.CPP-Course.Practice_04.Control_Tasks.02_FalseCheck.vcxproj", "{5C12A00B-7B9F-4205-9561-2D3A10E82A65}"
EndProject
Project("{8BC9CEB8-8B4A-11D0-8D11-00A0C91BC942}") = "ITMO.CPP-Course.Practice_05.Ex_01_Array_data", "ITMO.CPP-Course.Practice_05.Ex_01_Array_data\ITMO.CPP-Course.Practice_05.Ex_01_Array_data.vcxproj", "{69E1F1BF-D607-47FF-A773-EFDF8B7D0346}"
EndProject
Project("{8BC9CEB8-8B4A-11D0-8D11-00A0C91BC942}") = "ITMO.CPP-Course.Practice_05.Ex_02_Array_sort", "ITMO.CPP-Course.Practice_05.Ex_02_Array_sort\ITMO.CPP-Course.Practice_05.Ex_02_Array_sort.vcxproj", "{E400085A-6BFF-4022-B64E-CDA931CE6957}"
EndProject
Project("{8BC9CEB8-8B4A-11D0-8D11-00A0C91BC942}") = "ITMO.CPP-Course.Practice_05.Ex_03_Array_with_Func_Pointer", "ITMO.CPP-Course.Practice_05.Ex_03_Array_with_Func_Pointer\ITMO.CPP-Course.Practice_05.Ex_03_Array_with_Func_Pointer.vcxproj", "{66846CBE-6220-40C3-8D0C-1137AA1EC931}"
EndProject
Project("{8BC9CEB8-8B4A-11D0-8D11-00A0C91BC942}") = "ITMO.CPP-Course.Practice_05.Control_Tasks.02_returnArray", "ITMO.CPP-Course.Practice_05.Control_Tasks.01_ArrayToFun\ITMO.CPP-Course.Practice_05.Control_Tasks.01_ArrayToFun.vcxproj", "{3AACD243-B667-482F-BD61-54E984B26D39}"
EndProject
Project("{8BC9CEB8-8B4A-11D0-8D11-00A0C91BC942}") = "ITMO.CPP-Course.Practice_06.Ex_01_RW_data_from_binary_file", "ITMO.CPP-Course.Practice_06.Ex_01_RW_data_from_binary_file\ITMO.CPP-Course.Practice_06.Ex_01_RW_data_from_binary_file.vcxproj", "{AB88E4EF-4856-40DE-AEDC-9D51D127A68D}"
EndProject
Project("{8BC9CEB8-8B4A-11D0-8D11-00A0C91BC942}") = "ITMO.CPP-Course.Practice_06.ControlsTasks.01_write_text_to_file", "ITMO.CPP-Course.Practice_06.ControlsTasks.01_write_text_to_file\ITMO.CPP-Course.Practice_06.ControlsTasks.01_write_text_to_file.vcxproj", "{43344085-56CF-4E65-BFF7-DC87EE27A0E1}"
EndProject
Project("{8BC9CEB8-8B4A-11D0-8D11-00A0C91BC942}") = "ITMO.CPP-Course.Practice_06.ControlsTasks.02_write_array_to_file", "ITMO.CPP-Course.Practice_06.ControlsTasks.02_write_array_to_file\ITMO.CPP-Course.Practice_06.ControlsTasks.02_write_array_to_file.vcxproj", "{B4BE68AE-9536-4187-A4E0-A0C9BF212E95}"
EndProject
Project("{8BC9CEB8-8B4A-11D0-8D11-00A0C91BC942}") = "ITMO.CPP-Course.Practice_7.Ex_01_Struct_Distance", "ITMO.CPP-Course.Practice_7.Ex_01_Struct_Distance\ITMO.CPP-Course.Practice_7.Ex_01_Struct_Distance.vcxproj", "{AECC1B16-3EB5-4D07-B3F7-FBD31A03297E}"
EndProject
Project("{8BC9CEB8-8B4A-11D0-8D11-00A0C91BC942}") = "ITMO.CPP-Course.Practice_7.Ex_02_Struct_to_Func", "ITMO.CPP-Course.Practice_7.Ex_02_Struct_to_Func\ITMO.CPP-Course.Practice_7.Ex_02_Struct_to_Func.vcxproj", "{D3AD12B0-A13D-4DB2-B559-DF54E798B3D1}"
EndProject
Project("{8BC9CEB8-8B4A-11D0-8D11-00A0C91BC942}") = "ITMO.CPP-Course.Practice_7.Ex_03_Array_of_Struct", "ITMO.CPP-Course.Practice_7.Ex_03_Array_of_Struct\ITMO.CPP-Course.Practice_7.Ex_03_Array_of_Struct.vcxproj", "{D1871464-4030-4E96-8BFD-BA17FDA26772}"
EndProject
Project("{8BC9CEB8-8B4A-11D0-8D11-00A0C91BC942}") = "ITMO.CPP-Course.Practice_7.Ex_04_Tuple_for_Data_view", "ITMO.CPP-Course.Practice_7.Ex_04_Tuple_for_Data_view\ITMO.CPP-Course.Practice_7.Ex_04_Tuple_for_Data_view.vcxproj", "{0EAA82C1-2AF6-42F1-A98B-04471DDE8E8C}"
EndProject
Project("{8BC9CEB8-8B4A-11D0-8D11-00A0C91BC942}") = "ITMO.CPP-Course.Practice_07.ControlsTasks.01_Time_Struct", "ITMO.CPP-Course.Practice_07.ControlsTasks.01_Time_Struct\ITMO.CPP-Course.Practice_07.ControlsTasks.01_Time_Struct.vcxproj", "{1EF067D4-E285-4356-A63E-451DEC536BEE}"
EndProject
Project("{8BC9CEB8-8B4A-11D0-8D11-00A0C91BC942}") = "ITMO.CPP-Course.Practice_07.ControlsTasks.02_SqRoots_Struct", "ITMO.CPP-Course.Practice_07.ControlsTasks.02_SqRoots_Struct\ITMO.CPP-Course.Practice_07.ControlsTasks.02_SqRoots_Struct.vcxproj", "{B3E5C414-BA38-45DC-BDBF-5EA075892793}"
EndProject
Project("{8BC9CEB8-8B4A-11D0-8D11-00A0C91BC942}") = "ITMO.CPP-Course.Practice_07.ControlsTasks.03_SqRoots_Tuple", "ITMO.CPP-Course.Practice_07.ControlsTasks.03_SqRoots_Tuple\ITMO.CPP-Course.Practice_07.ControlsTasks.03_SqRoots_Tuple.vcxproj", "{A12A6460-93F5-4DF0-8DC3-BED20C51EC77}"
EndProject
Project("{8BC9CEB8-8B4A-11D0-8D11-00A0C91BC942}") = "ITMO.CPP-Course.Practice_08.Ex_01_Student_class", "ITMO.CPP-Course.Practice_08.Ex_01_Student_class\ITMO.CPP-Course.Practice_08.Ex_01_Student_class.vcxproj", "{E7343D16-EC61-439B-A0B5-15CCA021DDA8}"
EndProject
Project("{8BC9CEB8-8B4A-11D0-8D11-00A0C91BC942}") = "ITMO.CPP-Course.Practice_08.ControlsTasks.01_Time_Class", "ITMO.CPP-Course.Practice_08.ControlsTasks.01_Time_Class\ITMO.CPP-Course.Practice_08.ControlsTasks.01_Time_Class.vcxproj", "{A2270624-214E-4B38-9B7E-48C8B39CB0C1}"
EndProject
Project("{8BC9CEB8-8B4A-11D0-8D11-00A0C91BC942}") = "ITMO.CPP-Course.ControlsTasks.Address_Book", "ITMO.CPP-Course.ControlsTasks.Address_Book\ITMO.CPP-Course.ControlsTasks.Address_Book.vcxproj", "{843714F8-F9E8-494B-B15F-338C1C4DC322}"
EndProject
Project("{8BC9CEB8-8B4A-11D0-8D11-00A0C91BC942}") = "ITMO.CPP-Course.Practice_09.Ex_01_Exceptions_Devide_by_Zero", "ITMO.CPP-Course.Practice_09.Ex_01_Exceptions_Devide_by_Zero\ITMO.CPP-Course.Practice_09.Ex_01_Exceptions_Devide_by_Zero.vcxproj", "{3B444B43-88A7-4EF3-8669-2FCCB013777A}"
EndProject
Project("{8BC9CEB8-8B4A-11D0-8D11-00A0C91BC942}") = "ITMO.CPP-Course.Practice_09.Ex_03_Exceptoin_with_class", "ITMO.CPP-Course.Practice_09.Ex_03_Exceptoin_with_class\ITMO.CPP-Course.Practice_09.Ex_03_Exceptoin_with_class.vcxproj", "{BB49EE83-1C2A-43DC-8250-9280D6D3065F}"
EndProject
Project("{8BC9CEB8-8B4A-11D0-8D11-00A0C91BC942}") = "ITMO.CPP-Course.Practice_09.ControlTasks.01.Triangle", "ITMO.CPP-Course.Practice_09.ControlTasks.01.Triangle\ITMO.CPP-Course.Practice_09.ControlTasks.01.Triangle.vcxproj", "{50199521-B363-40E7-8DB1-BC16D095C2CA}"
EndProject
Project("{8BC9CEB8-8B4A-11D0-8D11-00A0C91BC942}") = "ITMO.CPP-Course.Practice_08.Ex_02_Student_class_split2", "ITMO.CPP-Course.Practice_08.Ex_02_Student_class_split2\ITMO.CPP-Course.Practice_08.Ex_02_Student_class_split2.vcxproj", "{0D76814C-271C-4150-9037-3879C8CA6CC4}"
EndProject
Global
	GlobalSection(SolutionConfigurationPlatforms) = preSolution
		Debug|x64 = Debug|x64
		Debug|x86 = Debug|x86
		Release|x64 = Release|x64
		Release|x86 = Release|x86
	EndGlobalSection
	GlobalSection(ProjectConfigurationPlatforms) = postSolution
		{DF33956A-A3B8-4B18-B2A9-9BC1E3E3E8B4}.Debug|x64.ActiveCfg = Debug|x64
		{DF33956A-A3B8-4B18-B2A9-9BC1E3E3E8B4}.Debug|x64.Build.0 = Debug|x64
		{DF33956A-A3B8-4B18-B2A9-9BC1E3E3E8B4}.Debug|x86.ActiveCfg = Debug|Win32
		{DF33956A-A3B8-4B18-B2A9-9BC1E3E3E8B4}.Debug|x86.Build.0 = Debug|Win32
		{DF33956A-A3B8-4B18-B2A9-9BC1E3E3E8B4}.Release|x64.ActiveCfg = Release|x64
		{DF33956A-A3B8-4B18-B2A9-9BC1E3E3E8B4}.Release|x64.Build.0 = Release|x64
		{DF33956A-A3B8-4B18-B2A9-9BC1E3E3E8B4}.Release|x86.ActiveCfg = Release|Win32
		{DF33956A-A3B8-4B18-B2A9-9BC1E3E3E8B4}.Release|x86.Build.0 = Release|Win32
		{BD69E339-0B11-4722-BEDC-C7438DF9584B}.Debug|x64.ActiveCfg = Debug|x64
		{BD69E339-0B11-4722-BEDC-C7438DF9584B}.Debug|x64.Build.0 = Debug|x64
		{BD69E339-0B11-4722-BEDC-C7438DF9584B}.Debug|x86.ActiveCfg = Debug|Win32
		{BD69E339-0B11-4722-BEDC-C7438DF9584B}.Debug|x86.Build.0 = Debug|Win32
		{BD69E339-0B11-4722-BEDC-C7438DF9584B}.Release|x64.ActiveCfg = Release|x64
		{BD69E339-0B11-4722-BEDC-C7438DF9584B}.Release|x64.Build.0 = Release|x64
		{BD69E339-0B11-4722-BEDC-C7438DF9584B}.Release|x86.ActiveCfg = Release|Win32
		{BD69E339-0B11-4722-BEDC-C7438DF9584B}.Release|x86.Build.0 = Release|Win32
		{F5311AD1-587B-47F1-BBF0-7A436581D0E3}.Debug|x64.ActiveCfg = Debug|x64
		{F5311AD1-587B-47F1-BBF0-7A436581D0E3}.Debug|x64.Build.0 = Debug|x64
		{F5311AD1-587B-47F1-BBF0-7A436581D0E3}.Debug|x86.ActiveCfg = Debug|Win32
		{F5311AD1-587B-47F1-BBF0-7A436581D0E3}.Debug|x86.Build.0 = Debug|Win32
		{F5311AD1-587B-47F1-BBF0-7A436581D0E3}.Release|x64.ActiveCfg = Release|x64
		{F5311AD1-587B-47F1-BBF0-7A436581D0E3}.Release|x64.Build.0 = Release|x64
		{F5311AD1-587B-47F1-BBF0-7A436581D0E3}.Release|x86.ActiveCfg = Release|Win32
		{F5311AD1-587B-47F1-BBF0-7A436581D0E3}.Release|x86.Build.0 = Release|Win32
		{7FA3A644-CA48-45A9-8F75-EE2B3AB033A9}.Debug|x64.ActiveCfg = Debug|x64
		{7FA3A644-CA48-45A9-8F75-EE2B3AB033A9}.Debug|x64.Build.0 = Debug|x64
		{7FA3A644-CA48-45A9-8F75-EE2B3AB033A9}.Debug|x86.ActiveCfg = Debug|Win32
		{7FA3A644-CA48-45A9-8F75-EE2B3AB033A9}.Debug|x86.Build.0 = Debug|Win32
		{7FA3A644-CA48-45A9-8F75-EE2B3AB033A9}.Release|x64.ActiveCfg = Release|x64
		{7FA3A644-CA48-45A9-8F75-EE2B3AB033A9}.Release|x64.Build.0 = Release|x64
		{7FA3A644-CA48-45A9-8F75-EE2B3AB033A9}.Release|x86.ActiveCfg = Release|Win32
		{7FA3A644-CA48-45A9-8F75-EE2B3AB033A9}.Release|x86.Build.0 = Release|Win32
		{DBB595B0-7D76-43AA-A91B-D12FAAC14376}.Debug|x64.ActiveCfg = Debug|x64
		{DBB595B0-7D76-43AA-A91B-D12FAAC14376}.Debug|x64.Build.0 = Debug|x64
		{DBB595B0-7D76-43AA-A91B-D12FAAC14376}.Debug|x86.ActiveCfg = Debug|Win32
		{DBB595B0-7D76-43AA-A91B-D12FAAC14376}.Debug|x86.Build.0 = Debug|Win32
		{DBB595B0-7D76-43AA-A91B-D12FAAC14376}.Release|x64.ActiveCfg = Release|x64
		{DBB595B0-7D76-43AA-A91B-D12FAAC14376}.Release|x64.Build.0 = Release|x64
		{DBB595B0-7D76-43AA-A91B-D12FAAC14376}.Release|x86.ActiveCfg = Release|Win32
		{DBB595B0-7D76-43AA-A91B-D12FAAC14376}.Release|x86.Build.0 = Release|Win32
		{CF6539ED-D104-41B6-A088-B44E192093A7}.Debug|x64.ActiveCfg = Debug|x64
		{CF6539ED-D104-41B6-A088-B44E192093A7}.Debug|x64.Build.0 = Debug|x64
		{CF6539ED-D104-41B6-A088-B44E192093A7}.Debug|x86.ActiveCfg = Debug|Win32
		{CF6539ED-D104-41B6-A088-B44E192093A7}.Debug|x86.Build.0 = Debug|Win32
		{CF6539ED-D104-41B6-A088-B44E192093A7}.Release|x64.ActiveCfg = Release|x64
		{CF6539ED-D104-41B6-A088-B44E192093A7}.Release|x64.Build.0 = Release|x64
		{CF6539ED-D104-41B6-A088-B44E192093A7}.Release|x86.ActiveCfg = Release|Win32
		{CF6539ED-D104-41B6-A088-B44E192093A7}.Release|x86.Build.0 = Release|Win32
		{A26CA08E-C174-488B-8EB2-96EA9530855D}.Debug|x64.ActiveCfg = Debug|x64
		{A26CA08E-C174-488B-8EB2-96EA9530855D}.Debug|x64.Build.0 = Debug|x64
		{A26CA08E-C174-488B-8EB2-96EA9530855D}.Debug|x86.ActiveCfg = Debug|Win32
		{A26CA08E-C174-488B-8EB2-96EA9530855D}.Debug|x86.Build.0 = Debug|Win32
		{A26CA08E-C174-488B-8EB2-96EA9530855D}.Release|x64.ActiveCfg = Release|x64
		{A26CA08E-C174-488B-8EB2-96EA9530855D}.Release|x64.Build.0 = Release|x64
		{A26CA08E-C174-488B-8EB2-96EA9530855D}.Release|x86.ActiveCfg = Release|Win32
		{A26CA08E-C174-488B-8EB2-96EA9530855D}.Release|x86.Build.0 = Release|Win32
		{3B33A3E6-B893-4969-97EC-D8B07199ECD5}.Debug|x64.ActiveCfg = Debug|x64
		{3B33A3E6-B893-4969-97EC-D8B07199ECD5}.Debug|x64.Build.0 = Debug|x64
		{3B33A3E6-B893-4969-97EC-D8B07199ECD5}.Debug|x86.ActiveCfg = Debug|Win32
		{3B33A3E6-B893-4969-97EC-D8B07199ECD5}.Debug|x86.Build.0 = Debug|Win32
		{3B33A3E6-B893-4969-97EC-D8B07199ECD5}.Release|x64.ActiveCfg = Release|x64
		{3B33A3E6-B893-4969-97EC-D8B07199ECD5}.Release|x64.Build.0 = Release|x64
		{3B33A3E6-B893-4969-97EC-D8B07199ECD5}.Release|x86.ActiveCfg = Release|Win32
		{3B33A3E6-B893-4969-97EC-D8B07199ECD5}.Release|x86.Build.0 = Release|Win32
		{6A91311C-3B5C-426E-A616-2F85FAC1E117}.Debug|x64.ActiveCfg = Debug|x64
		{6A91311C-3B5C-426E-A616-2F85FAC1E117}.Debug|x64.Build.0 = Debug|x64
		{6A91311C-3B5C-426E-A616-2F85FAC1E117}.Debug|x86.ActiveCfg = Debug|Win32
		{6A91311C-3B5C-426E-A616-2F85FAC1E117}.Debug|x86.Build.0 = Debug|Win32
		{6A91311C-3B5C-426E-A616-2F85FAC1E117}.Release|x64.ActiveCfg = Release|x64
		{6A91311C-3B5C-426E-A616-2F85FAC1E117}.Release|x64.Build.0 = Release|x64
		{6A91311C-3B5C-426E-A616-2F85FAC1E117}.Release|x86.ActiveCfg = Release|Win32
		{6A91311C-3B5C-426E-A616-2F85FAC1E117}.Release|x86.Build.0 = Release|Win32
		{A0BEA431-EA0D-4F98-AB24-0861F94256F0}.Debug|x64.ActiveCfg = Debug|x64
		{A0BEA431-EA0D-4F98-AB24-0861F94256F0}.Debug|x64.Build.0 = Debug|x64
		{A0BEA431-EA0D-4F98-AB24-0861F94256F0}.Debug|x86.ActiveCfg = Debug|Win32
		{A0BEA431-EA0D-4F98-AB24-0861F94256F0}.Debug|x86.Build.0 = Debug|Win32
		{A0BEA431-EA0D-4F98-AB24-0861F94256F0}.Release|x64.ActiveCfg = Release|x64
		{A0BEA431-EA0D-4F98-AB24-0861F94256F0}.Release|x64.Build.0 = Release|x64
		{A0BEA431-EA0D-4F98-AB24-0861F94256F0}.Release|x86.ActiveCfg = Release|Win32
		{A0BEA431-EA0D-4F98-AB24-0861F94256F0}.Release|x86.Build.0 = Release|Win32
		{534BC8A3-FDEA-4A64-9C90-EF07FB5B46E3}.Debug|x64.ActiveCfg = Debug|x64
		{534BC8A3-FDEA-4A64-9C90-EF07FB5B46E3}.Debug|x64.Build.0 = Debug|x64
		{534BC8A3-FDEA-4A64-9C90-EF07FB5B46E3}.Debug|x86.ActiveCfg = Debug|Win32
		{534BC8A3-FDEA-4A64-9C90-EF07FB5B46E3}.Debug|x86.Build.0 = Debug|Win32
		{534BC8A3-FDEA-4A64-9C90-EF07FB5B46E3}.Release|x64.ActiveCfg = Release|x64
		{534BC8A3-FDEA-4A64-9C90-EF07FB5B46E3}.Release|x64.Build.0 = Release|x64
		{534BC8A3-FDEA-4A64-9C90-EF07FB5B46E3}.Release|x86.ActiveCfg = Release|Win32
		{534BC8A3-FDEA-4A64-9C90-EF07FB5B46E3}.Release|x86.Build.0 = Release|Win32
		{DDC68E18-0F3C-4F8F-914E-F6B446AB25F7}.Debug|x64.ActiveCfg = Debug|x64
		{DDC68E18-0F3C-4F8F-914E-F6B446AB25F7}.Debug|x64.Build.0 = Debug|x64
		{DDC68E18-0F3C-4F8F-914E-F6B446AB25F7}.Debug|x86.ActiveCfg = Debug|Win32
		{DDC68E18-0F3C-4F8F-914E-F6B446AB25F7}.Debug|x86.Build.0 = Debug|Win32
		{DDC68E18-0F3C-4F8F-914E-F6B446AB25F7}.Release|x64.ActiveCfg = Release|x64
		{DDC68E18-0F3C-4F8F-914E-F6B446AB25F7}.Release|x64.Build.0 = Release|x64
		{DDC68E18-0F3C-4F8F-914E-F6B446AB25F7}.Release|x86.ActiveCfg = Release|Win32
		{DDC68E18-0F3C-4F8F-914E-F6B446AB25F7}.Release|x86.Build.0 = Release|Win32
		{E9606DCB-6257-44C8-86D0-97FFB87E4311}.Debug|x64.ActiveCfg = Debug|x64
		{E9606DCB-6257-44C8-86D0-97FFB87E4311}.Debug|x64.Build.0 = Debug|x64
		{E9606DCB-6257-44C8-86D0-97FFB87E4311}.Debug|x86.ActiveCfg = Debug|Win32
		{E9606DCB-6257-44C8-86D0-97FFB87E4311}.Debug|x86.Build.0 = Debug|Win32
		{E9606DCB-6257-44C8-86D0-97FFB87E4311}.Release|x64.ActiveCfg = Release|x64
		{E9606DCB-6257-44C8-86D0-97FFB87E4311}.Release|x64.Build.0 = Release|x64
		{E9606DCB-6257-44C8-86D0-97FFB87E4311}.Release|x86.ActiveCfg = Release|Win32
		{E9606DCB-6257-44C8-86D0-97FFB87E4311}.Release|x86.Build.0 = Release|Win32
		{70B3E540-292D-4C7B-AEB4-F3C0614D0782}.Debug|x64.ActiveCfg = Debug|x64
		{70B3E540-292D-4C7B-AEB4-F3C0614D0782}.Debug|x64.Build.0 = Debug|x64
		{70B3E540-292D-4C7B-AEB4-F3C0614D0782}.Debug|x86.ActiveCfg = Debug|Win32
		{70B3E540-292D-4C7B-AEB4-F3C0614D0782}.Debug|x86.Build.0 = Debug|Win32
		{70B3E540-292D-4C7B-AEB4-F3C0614D0782}.Release|x64.ActiveCfg = Release|x64
		{70B3E540-292D-4C7B-AEB4-F3C0614D0782}.Release|x64.Build.0 = Release|x64
		{70B3E540-292D-4C7B-AEB4-F3C0614D0782}.Release|x86.ActiveCfg = Release|Win32
		{70B3E540-292D-4C7B-AEB4-F3C0614D0782}.Release|x86.Build.0 = Release|Win32
		{571D9B76-AA07-4468-AA6A-3CC8E8B0E8F8}.Debug|x64.ActiveCfg = Debug|x64
		{571D9B76-AA07-4468-AA6A-3CC8E8B0E8F8}.Debug|x64.Build.0 = Debug|x64
		{571D9B76-AA07-4468-AA6A-3CC8E8B0E8F8}.Debug|x86.ActiveCfg = Debug|Win32
		{571D9B76-AA07-4468-AA6A-3CC8E8B0E8F8}.Debug|x86.Build.0 = Debug|Win32
		{571D9B76-AA07-4468-AA6A-3CC8E8B0E8F8}.Release|x64.ActiveCfg = Release|x64
		{571D9B76-AA07-4468-AA6A-3CC8E8B0E8F8}.Release|x64.Build.0 = Release|x64
		{571D9B76-AA07-4468-AA6A-3CC8E8B0E8F8}.Release|x86.ActiveCfg = Release|Win32
		{571D9B76-AA07-4468-AA6A-3CC8E8B0E8F8}.Release|x86.Build.0 = Release|Win32
		{57819FD3-02F9-4848-A4D4-B267E2BB029D}.Debug|x64.ActiveCfg = Debug|x64
		{57819FD3-02F9-4848-A4D4-B267E2BB029D}.Debug|x64.Build.0 = Debug|x64
		{57819FD3-02F9-4848-A4D4-B267E2BB029D}.Debug|x86.ActiveCfg = Debug|Win32
		{57819FD3-02F9-4848-A4D4-B267E2BB029D}.Debug|x86.Build.0 = Debug|Win32
		{57819FD3-02F9-4848-A4D4-B267E2BB029D}.Release|x64.ActiveCfg = Release|x64
		{57819FD3-02F9-4848-A4D4-B267E2BB029D}.Release|x64.Build.0 = Release|x64
		{57819FD3-02F9-4848-A4D4-B267E2BB029D}.Release|x86.ActiveCfg = Release|Win32
		{57819FD3-02F9-4848-A4D4-B267E2BB029D}.Release|x86.Build.0 = Release|Win32
		{FC72AC02-CD16-4FA3-BAA7-0B8AFE10CB4B}.Debug|x64.ActiveCfg = Debug|x64
		{FC72AC02-CD16-4FA3-BAA7-0B8AFE10CB4B}.Debug|x64.Build.0 = Debug|x64
		{FC72AC02-CD16-4FA3-BAA7-0B8AFE10CB4B}.Debug|x86.ActiveCfg = Debug|Win32
		{FC72AC02-CD16-4FA3-BAA7-0B8AFE10CB4B}.Debug|x86.Build.0 = Debug|Win32
		{FC72AC02-CD16-4FA3-BAA7-0B8AFE10CB4B}.Release|x64.ActiveCfg = Release|x64
		{FC72AC02-CD16-4FA3-BAA7-0B8AFE10CB4B}.Release|x64.Build.0 = Release|x64
		{FC72AC02-CD16-4FA3-BAA7-0B8AFE10CB4B}.Release|x86.ActiveCfg = Release|Win32
		{FC72AC02-CD16-4FA3-BAA7-0B8AFE10CB4B}.Release|x86.Build.0 = Release|Win32
		{F50AE21D-41AE-48B8-A115-AF20F82F4DE6}.Debug|x64.ActiveCfg = Debug|x64
		{F50AE21D-41AE-48B8-A115-AF20F82F4DE6}.Debug|x64.Build.0 = Debug|x64
		{F50AE21D-41AE-48B8-A115-AF20F82F4DE6}.Debug|x86.ActiveCfg = Debug|Win32
		{F50AE21D-41AE-48B8-A115-AF20F82F4DE6}.Debug|x86.Build.0 = Debug|Win32
		{F50AE21D-41AE-48B8-A115-AF20F82F4DE6}.Release|x64.ActiveCfg = Release|x64
		{F50AE21D-41AE-48B8-A115-AF20F82F4DE6}.Release|x64.Build.0 = Release|x64
		{F50AE21D-41AE-48B8-A115-AF20F82F4DE6}.Release|x86.ActiveCfg = Release|Win32
		{F50AE21D-41AE-48B8-A115-AF20F82F4DE6}.Release|x86.Build.0 = Release|Win32
		{DE43C09C-AF11-49CE-9FAB-BB46C8BEAAC7}.Debug|x64.ActiveCfg = Debug|x64
		{DE43C09C-AF11-49CE-9FAB-BB46C8BEAAC7}.Debug|x64.Build.0 = Debug|x64
		{DE43C09C-AF11-49CE-9FAB-BB46C8BEAAC7}.Debug|x86.ActiveCfg = Debug|Win32
		{DE43C09C-AF11-49CE-9FAB-BB46C8BEAAC7}.Debug|x86.Build.0 = Debug|Win32
		{DE43C09C-AF11-49CE-9FAB-BB46C8BEAAC7}.Release|x64.ActiveCfg = Release|x64
		{DE43C09C-AF11-49CE-9FAB-BB46C8BEAAC7}.Release|x64.Build.0 = Release|x64
		{DE43C09C-AF11-49CE-9FAB-BB46C8BEAAC7}.Release|x86.ActiveCfg = Release|Win32
		{DE43C09C-AF11-49CE-9FAB-BB46C8BEAAC7}.Release|x86.Build.0 = Release|Win32
		{AA2B3466-9A08-44EC-A71E-E8A0B11927A2}.Debug|x64.ActiveCfg = Debug|x64
		{AA2B3466-9A08-44EC-A71E-E8A0B11927A2}.Debug|x64.Build.0 = Debug|x64
		{AA2B3466-9A08-44EC-A71E-E8A0B11927A2}.Debug|x86.ActiveCfg = Debug|Win32
		{AA2B3466-9A08-44EC-A71E-E8A0B11927A2}.Debug|x86.Build.0 = Debug|Win32
		{AA2B3466-9A08-44EC-A71E-E8A0B11927A2}.Release|x64.ActiveCfg = Release|x64
		{AA2B3466-9A08-44EC-A71E-E8A0B11927A2}.Release|x64.Build.0 = Release|x64
		{AA2B3466-9A08-44EC-A71E-E8A0B11927A2}.Release|x86.ActiveCfg = Release|Win32
		{AA2B3466-9A08-44EC-A71E-E8A0B11927A2}.Release|x86.Build.0 = Release|Win32
		{CDFFB041-C51D-46B5-BC58-B838F98887ED}.Debug|x64.ActiveCfg = Debug|x64
		{CDFFB041-C51D-46B5-BC58-B838F98887ED}.Debug|x64.Build.0 = Debug|x64
		{CDFFB041-C51D-46B5-BC58-B838F98887ED}.Debug|x86.ActiveCfg = Debug|Win32
		{CDFFB041-C51D-46B5-BC58-B838F98887ED}.Debug|x86.Build.0 = Debug|Win32
		{CDFFB041-C51D-46B5-BC58-B838F98887ED}.Release|x64.ActiveCfg = Release|x64
		{CDFFB041-C51D-46B5-BC58-B838F98887ED}.Release|x64.Build.0 = Release|x64
		{CDFFB041-C51D-46B5-BC58-B838F98887ED}.Release|x86.ActiveCfg = Release|Win32
		{CDFFB041-C51D-46B5-BC58-B838F98887ED}.Release|x86.Build.0 = Release|Win32
		{2C5468D7-7B49-4632-A468-7511D2FA6ED7}.Debug|x64.ActiveCfg = Debug|x64
		{2C5468D7-7B49-4632-A468-7511D2FA6ED7}.Debug|x64.Build.0 = Debug|x64
		{2C5468D7-7B49-4632-A468-7511D2FA6ED7}.Debug|x86.ActiveCfg = Debug|Win32
		{2C5468D7-7B49-4632-A468-7511D2FA6ED7}.Debug|x86.Build.0 = Debug|Win32
		{2C5468D7-7B49-4632-A468-7511D2FA6ED7}.Release|x64.ActiveCfg = Release|x64
		{2C5468D7-7B49-4632-A468-7511D2FA6ED7}.Release|x64.Build.0 = Release|x64
		{2C5468D7-7B49-4632-A468-7511D2FA6ED7}.Release|x86.ActiveCfg = Release|Win32
		{2C5468D7-7B49-4632-A468-7511D2FA6ED7}.Release|x86.Build.0 = Release|Win32
		{49AE828A-4CA2-4CA6-9F4A-6AFAF11CD2CC}.Debug|x64.ActiveCfg = Debug|x64
		{49AE828A-4CA2-4CA6-9F4A-6AFAF11CD2CC}.Debug|x64.Build.0 = Debug|x64
		{49AE828A-4CA2-4CA6-9F4A-6AFAF11CD2CC}.Debug|x86.ActiveCfg = Debug|Win32
		{49AE828A-4CA2-4CA6-9F4A-6AFAF11CD2CC}.Debug|x86.Build.0 = Debug|Win32
		{49AE828A-4CA2-4CA6-9F4A-6AFAF11CD2CC}.Release|x64.ActiveCfg = Release|x64
		{49AE828A-4CA2-4CA6-9F4A-6AFAF11CD2CC}.Release|x64.Build.0 = Release|x64
		{49AE828A-4CA2-4CA6-9F4A-6AFAF11CD2CC}.Release|x86.ActiveCfg = Release|Win32
		{49AE828A-4CA2-4CA6-9F4A-6AFAF11CD2CC}.Release|x86.Build.0 = Release|Win32
		{E8EA3A25-61EE-4E10-A5F1-3A583C921963}.Debug|x64.ActiveCfg = Debug|x64
		{E8EA3A25-61EE-4E10-A5F1-3A583C921963}.Debug|x64.Build.0 = Debug|x64
		{E8EA3A25-61EE-4E10-A5F1-3A583C921963}.Debug|x86.ActiveCfg = Debug|Win32
		{E8EA3A25-61EE-4E10-A5F1-3A583C921963}.Debug|x86.Build.0 = Debug|Win32
		{E8EA3A25-61EE-4E10-A5F1-3A583C921963}.Release|x64.ActiveCfg = Release|x64
		{E8EA3A25-61EE-4E10-A5F1-3A583C921963}.Release|x64.Build.0 = Release|x64
		{E8EA3A25-61EE-4E10-A5F1-3A583C921963}.Release|x86.ActiveCfg = Release|Win32
		{E8EA3A25-61EE-4E10-A5F1-3A583C921963}.Release|x86.Build.0 = Release|Win32
		{4724DB5F-E3B1-4F46-BC46-C14078081D6F}.Debug|x64.ActiveCfg = Debug|x64
		{4724DB5F-E3B1-4F46-BC46-C14078081D6F}.Debug|x64.Build.0 = Debug|x64
		{4724DB5F-E3B1-4F46-BC46-C14078081D6F}.Debug|x86.ActiveCfg = Debug|Win32
		{4724DB5F-E3B1-4F46-BC46-C14078081D6F}.Debug|x86.Build.0 = Debug|Win32
		{4724DB5F-E3B1-4F46-BC46-C14078081D6F}.Release|x64.ActiveCfg = Release|x64
		{4724DB5F-E3B1-4F46-BC46-C14078081D6F}.Release|x64.Build.0 = Release|x64
		{4724DB5F-E3B1-4F46-BC46-C14078081D6F}.Release|x86.ActiveCfg = Release|Win32
		{4724DB5F-E3B1-4F46-BC46-C14078081D6F}.Release|x86.Build.0 = Release|Win32
		{5890B68C-B715-46C0-9C93-261B75DE939A}.Debug|x64.ActiveCfg = Debug|x64
		{5890B68C-B715-46C0-9C93-261B75DE939A}.Debug|x64.Build.0 = Debug|x64
		{5890B68C-B715-46C0-9C93-261B75DE939A}.Debug|x86.ActiveCfg = Debug|Win32
		{5890B68C-B715-46C0-9C93-261B75DE939A}.Debug|x86.Build.0 = Debug|Win32
		{5890B68C-B715-46C0-9C93-261B75DE939A}.Release|x64.ActiveCfg = Release|x64
		{5890B68C-B715-46C0-9C93-261B75DE939A}.Release|x64.Build.0 = Release|x64
		{5890B68C-B715-46C0-9C93-261B75DE939A}.Release|x86.ActiveCfg = Release|Win32
		{5890B68C-B715-46C0-9C93-261B75DE939A}.Release|x86.Build.0 = Release|Win32
		{D5455EAE-05C1-4434-ABF7-EE5D89A1DF56}.Debug|x64.ActiveCfg = Debug|x64
		{D5455EAE-05C1-4434-ABF7-EE5D89A1DF56}.Debug|x64.Build.0 = Debug|x64
		{D5455EAE-05C1-4434-ABF7-EE5D89A1DF56}.Debug|x86.ActiveCfg = Debug|Win32
		{D5455EAE-05C1-4434-ABF7-EE5D89A1DF56}.Debug|x86.Build.0 = Debug|Win32
		{D5455EAE-05C1-4434-ABF7-EE5D89A1DF56}.Release|x64.ActiveCfg = Release|x64
		{D5455EAE-05C1-4434-ABF7-EE5D89A1DF56}.Release|x64.Build.0 = Release|x64
		{D5455EAE-05C1-4434-ABF7-EE5D89A1DF56}.Release|x86.ActiveCfg = Release|Win32
		{D5455EAE-05C1-4434-ABF7-EE5D89A1DF56}.Release|x86.Build.0 = Release|Win32
		{B83DACC9-C565-477D-B8CC-13BECE7A0AFA}.Debug|x64.ActiveCfg = Debug|x64
		{B83DACC9-C565-477D-B8CC-13BECE7A0AFA}.Debug|x64.Build.0 = Debug|x64
		{B83DACC9-C565-477D-B8CC-13BECE7A0AFA}.Debug|x86.ActiveCfg = Debug|Win32
		{B83DACC9-C565-477D-B8CC-13BECE7A0AFA}.Debug|x86.Build.0 = Debug|Win32
		{B83DACC9-C565-477D-B8CC-13BECE7A0AFA}.Release|x64.ActiveCfg = Release|x64
		{B83DACC9-C565-477D-B8CC-13BECE7A0AFA}.Release|x64.Build.0 = Release|x64
		{B83DACC9-C565-477D-B8CC-13BECE7A0AFA}.Release|x86.ActiveCfg = Release|Win32
		{B83DACC9-C565-477D-B8CC-13BECE7A0AFA}.Release|x86.Build.0 = Release|Win32
		{5C12A00B-7B9F-4205-9561-2D3A10E82A65}.Debug|x64.ActiveCfg = Debug|x64
		{5C12A00B-7B9F-4205-9561-2D3A10E82A65}.Debug|x64.Build.0 = Debug|x64
		{5C12A00B-7B9F-4205-9561-2D3A10E82A65}.Debug|x86.ActiveCfg = Debug|Win32
		{5C12A00B-7B9F-4205-9561-2D3A10E82A65}.Debug|x86.Build.0 = Debug|Win32
		{5C12A00B-7B9F-4205-9561-2D3A10E82A65}.Release|x64.ActiveCfg = Release|x64
		{5C12A00B-7B9F-4205-9561-2D3A10E82A65}.Release|x64.Build.0 = Release|x64
		{5C12A00B-7B9F-4205-9561-2D3A10E82A65}.Release|x86.ActiveCfg = Release|Win32
		{5C12A00B-7B9F-4205-9561-2D3A10E82A65}.Release|x86.Build.0 = Release|Win32
		{69E1F1BF-D607-47FF-A773-EFDF8B7D0346}.Debug|x64.ActiveCfg = Debug|x64
		{69E1F1BF-D607-47FF-A773-EFDF8B7D0346}.Debug|x64.Build.0 = Debug|x64
		{69E1F1BF-D607-47FF-A773-EFDF8B7D0346}.Debug|x86.ActiveCfg = Debug|Win32
		{69E1F1BF-D607-47FF-A773-EFDF8B7D0346}.Debug|x86.Build.0 = Debug|Win32
		{69E1F1BF-D607-47FF-A773-EFDF8B7D0346}.Release|x64.ActiveCfg = Release|x64
		{69E1F1BF-D607-47FF-A773-EFDF8B7D0346}.Release|x64.Build.0 = Release|x64
		{69E1F1BF-D607-47FF-A773-EFDF8B7D0346}.Release|x86.ActiveCfg = Release|Win32
		{69E1F1BF-D607-47FF-A773-EFDF8B7D0346}.Release|x86.Build.0 = Release|Win32
		{E400085A-6BFF-4022-B64E-CDA931CE6957}.Debug|x64.ActiveCfg = Debug|x64
		{E400085A-6BFF-4022-B64E-CDA931CE6957}.Debug|x64.Build.0 = Debug|x64
		{E400085A-6BFF-4022-B64E-CDA931CE6957}.Debug|x86.ActiveCfg = Debug|Win32
		{E400085A-6BFF-4022-B64E-CDA931CE6957}.Debug|x86.Build.0 = Debug|Win32
		{E400085A-6BFF-4022-B64E-CDA931CE6957}.Release|x64.ActiveCfg = Release|x64
		{E400085A-6BFF-4022-B64E-CDA931CE6957}.Release|x64.Build.0 = Release|x64
		{E400085A-6BFF-4022-B64E-CDA931CE6957}.Release|x86.ActiveCfg = Release|Win32
		{E400085A-6BFF-4022-B64E-CDA931CE6957}.Release|x86.Build.0 = Release|Win32
		{66846CBE-6220-40C3-8D0C-1137AA1EC931}.Debug|x64.ActiveCfg = Debug|x64
		{66846CBE-6220-40C3-8D0C-1137AA1EC931}.Debug|x64.Build.0 = Debug|x64
		{66846CBE-6220-40C3-8D0C-1137AA1EC931}.Debug|x86.ActiveCfg = Debug|Win32
		{66846CBE-6220-40C3-8D0C-1137AA1EC931}.Debug|x86.Build.0 = Debug|Win32
		{66846CBE-6220-40C3-8D0C-1137AA1EC931}.Release|x64.ActiveCfg = Release|x64
		{66846CBE-6220-40C3-8D0C-1137AA1EC931}.Release|x64.Build.0 = Release|x64
		{66846CBE-6220-40C3-8D0C-1137AA1EC931}.Release|x86.ActiveCfg = Release|Win32
		{66846CBE-6220-40C3-8D0C-1137AA1EC931}.Release|x86.Build.0 = Release|Win32
		{3AACD243-B667-482F-BD61-54E984B26D39}.Debug|x64.ActiveCfg = Debug|x64
		{3AACD243-B667-482F-BD61-54E984B26D39}.Debug|x64.Build.0 = Debug|x64
		{3AACD243-B667-482F-BD61-54E984B26D39}.Debug|x86.ActiveCfg = Debug|Win32
		{3AACD243-B667-482F-BD61-54E984B26D39}.Debug|x86.Build.0 = Debug|Win32
		{3AACD243-B667-482F-BD61-54E984B26D39}.Release|x64.ActiveCfg = Release|x64
		{3AACD243-B667-482F-BD61-54E984B26D39}.Release|x64.Build.0 = Release|x64
		{3AACD243-B667-482F-BD61-54E984B26D39}.Release|x86.ActiveCfg = Release|Win32
		{3AACD243-B667-482F-BD61-54E984B26D39}.Release|x86.Build.0 = Release|Win32
		{AB88E4EF-4856-40DE-AEDC-9D51D127A68D}.Debug|x64.ActiveCfg = Debug|x64
		{AB88E4EF-4856-40DE-AEDC-9D51D127A68D}.Debug|x64.Build.0 = Debug|x64
		{AB88E4EF-4856-40DE-AEDC-9D51D127A68D}.Debug|x86.ActiveCfg = Debug|Win32
		{AB88E4EF-4856-40DE-AEDC-9D51D127A68D}.Debug|x86.Build.0 = Debug|Win32
		{AB88E4EF-4856-40DE-AEDC-9D51D127A68D}.Release|x64.ActiveCfg = Release|x64
		{AB88E4EF-4856-40DE-AEDC-9D51D127A68D}.Release|x64.Build.0 = Release|x64
		{AB88E4EF-4856-40DE-AEDC-9D51D127A68D}.Release|x86.ActiveCfg = Release|Win32
		{AB88E4EF-4856-40DE-AEDC-9D51D127A68D}.Release|x86.Build.0 = Release|Win32
		{43344085-56CF-4E65-BFF7-DC87EE27A0E1}.Debug|x64.ActiveCfg = Debug|x64
		{43344085-56CF-4E65-BFF7-DC87EE27A0E1}.Debug|x64.Build.0 = Debug|x64
		{43344085-56CF-4E65-BFF7-DC87EE27A0E1}.Debug|x86.ActiveCfg = Debug|Win32
		{43344085-56CF-4E65-BFF7-DC87EE27A0E1}.Debug|x86.Build.0 = Debug|Win32
		{43344085-56CF-4E65-BFF7-DC87EE27A0E1}.Release|x64.ActiveCfg = Release|x64
		{43344085-56CF-4E65-BFF7-DC87EE27A0E1}.Release|x64.Build.0 = Release|x64
		{43344085-56CF-4E65-BFF7-DC87EE27A0E1}.Release|x86.ActiveCfg = Release|Win32
		{43344085-56CF-4E65-BFF7-DC87EE27A0E1}.Release|x86.Build.0 = Release|Win32
		{B4BE68AE-9536-4187-A4E0-A0C9BF212E95}.Debug|x64.ActiveCfg = Debug|x64
		{B4BE68AE-9536-4187-A4E0-A0C9BF212E95}.Debug|x64.Build.0 = Debug|x64
		{B4BE68AE-9536-4187-A4E0-A0C9BF212E95}.Debug|x86.ActiveCfg = Debug|Win32
		{B4BE68AE-9536-4187-A4E0-A0C9BF212E95}.Debug|x86.Build.0 = Debug|Win32
		{B4BE68AE-9536-4187-A4E0-A0C9BF212E95}.Release|x64.ActiveCfg = Release|x64
		{B4BE68AE-9536-4187-A4E0-A0C9BF212E95}.Release|x64.Build.0 = Release|x64
		{B4BE68AE-9536-4187-A4E0-A0C9BF212E95}.Release|x86.ActiveCfg = Release|Win32
		{B4BE68AE-9536-4187-A4E0-A0C9BF212E95}.Release|x86.Build.0 = Release|Win32
		{AECC1B16-3EB5-4D07-B3F7-FBD31A03297E}.Debug|x64.ActiveCfg = Debug|x64
		{AECC1B16-3EB5-4D07-B3F7-FBD31A03297E}.Debug|x64.Build.0 = Debug|x64
		{AECC1B16-3EB5-4D07-B3F7-FBD31A03297E}.Debug|x86.ActiveCfg = Debug|Win32
		{AECC1B16-3EB5-4D07-B3F7-FBD31A03297E}.Debug|x86.Build.0 = Debug|Win32
		{AECC1B16-3EB5-4D07-B3F7-FBD31A03297E}.Release|x64.ActiveCfg = Release|x64
		{AECC1B16-3EB5-4D07-B3F7-FBD31A03297E}.Release|x64.Build.0 = Release|x64
		{AECC1B16-3EB5-4D07-B3F7-FBD31A03297E}.Release|x86.ActiveCfg = Release|Win32
		{AECC1B16-3EB5-4D07-B3F7-FBD31A03297E}.Release|x86.Build.0 = Release|Win32
		{D3AD12B0-A13D-4DB2-B559-DF54E798B3D1}.Debug|x64.ActiveCfg = Debug|x64
		{D3AD12B0-A13D-4DB2-B559-DF54E798B3D1}.Debug|x64.Build.0 = Debug|x64
		{D3AD12B0-A13D-4DB2-B559-DF54E798B3D1}.Debug|x86.ActiveCfg = Debug|Win32
		{D3AD12B0-A13D-4DB2-B559-DF54E798B3D1}.Debug|x86.Build.0 = Debug|Win32
		{D3AD12B0-A13D-4DB2-B559-DF54E798B3D1}.Release|x64.ActiveCfg = Release|x64
		{D3AD12B0-A13D-4DB2-B559-DF54E798B3D1}.Release|x64.Build.0 = Release|x64
		{D3AD12B0-A13D-4DB2-B559-DF54E798B3D1}.Release|x86.ActiveCfg = Release|Win32
		{D3AD12B0-A13D-4DB2-B559-DF54E798B3D1}.Release|x86.Build.0 = Release|Win32
		{D1871464-4030-4E96-8BFD-BA17FDA26772}.Debug|x64.ActiveCfg = Debug|x64
		{D1871464-4030-4E96-8BFD-BA17FDA26772}.Debug|x64.Build.0 = Debug|x64
		{D1871464-4030-4E96-8BFD-BA17FDA26772}.Debug|x86.ActiveCfg = Debug|Win32
		{D1871464-4030-4E96-8BFD-BA17FDA26772}.Debug|x86.Build.0 = Debug|Win32
		{D1871464-4030-4E96-8BFD-BA17FDA26772}.Release|x64.ActiveCfg = Release|x64
		{D1871464-4030-4E96-8BFD-BA17FDA26772}.Release|x64.Build.0 = Release|x64
		{D1871464-4030-4E96-8BFD-BA17FDA26772}.Release|x86.ActiveCfg = Release|Win32
		{D1871464-4030-4E96-8BFD-BA17FDA26772}.Release|x86.Build.0 = Release|Win32
		{0EAA82C1-2AF6-42F1-A98B-04471DDE8E8C}.Debug|x64.ActiveCfg = Debug|x64
		{0EAA82C1-2AF6-42F1-A98B-04471DDE8E8C}.Debug|x64.Build.0 = Debug|x64
		{0EAA82C1-2AF6-42F1-A98B-04471DDE8E8C}.Debug|x86.ActiveCfg = Debug|Win32
		{0EAA82C1-2AF6-42F1-A98B-04471DDE8E8C}.Debug|x86.Build.0 = Debug|Win32
		{0EAA82C1-2AF6-42F1-A98B-04471DDE8E8C}.Release|x64.ActiveCfg = Release|x64
		{0EAA82C1-2AF6-42F1-A98B-04471DDE8E8C}.Release|x64.Build.0 = Release|x64
		{0EAA82C1-2AF6-42F1-A98B-04471DDE8E8C}.Release|x86.ActiveCfg = Release|Win32
		{0EAA82C1-2AF6-42F1-A98B-04471DDE8E8C}.Release|x86.Build.0 = Release|Win32
		{1EF067D4-E285-4356-A63E-451DEC536BEE}.Debug|x64.ActiveCfg = Debug|x64
		{1EF067D4-E285-4356-A63E-451DEC536BEE}.Debug|x64.Build.0 = Debug|x64
		{1EF067D4-E285-4356-A63E-451DEC536BEE}.Debug|x86.ActiveCfg = Debug|Win32
		{1EF067D4-E285-4356-A63E-451DEC536BEE}.Debug|x86.Build.0 = Debug|Win32
		{1EF067D4-E285-4356-A63E-451DEC536BEE}.Release|x64.ActiveCfg = Release|x64
		{1EF067D4-E285-4356-A63E-451DEC536BEE}.Release|x64.Build.0 = Release|x64
		{1EF067D4-E285-4356-A63E-451DEC536BEE}.Release|x86.ActiveCfg = Release|Win32
		{1EF067D4-E285-4356-A63E-451DEC536BEE}.Release|x86.Build.0 = Release|Win32
		{B3E5C414-BA38-45DC-BDBF-5EA075892793}.Debug|x64.ActiveCfg = Debug|x64
		{B3E5C414-BA38-45DC-BDBF-5EA075892793}.Debug|x64.Build.0 = Debug|x64
		{B3E5C414-BA38-45DC-BDBF-5EA075892793}.Debug|x86.ActiveCfg = Debug|Win32
		{B3E5C414-BA38-45DC-BDBF-5EA075892793}.Debug|x86.Build.0 = Debug|Win32
		{B3E5C414-BA38-45DC-BDBF-5EA075892793}.Release|x64.ActiveCfg = Release|x64
		{B3E5C414-BA38-45DC-BDBF-5EA075892793}.Release|x64.Build.0 = Release|x64
		{B3E5C414-BA38-45DC-BDBF-5EA075892793}.Release|x86.ActiveCfg = Release|Win32
		{B3E5C414-BA38-45DC-BDBF-5EA075892793}.Release|x86.Build.0 = Release|Win32
		{A12A6460-93F5-4DF0-8DC3-BED20C51EC77}.Debug|x64.ActiveCfg = Debug|x64
		{A12A6460-93F5-4DF0-8DC3-BED20C51EC77}.Debug|x64.Build.0 = Debug|x64
		{A12A6460-93F5-4DF0-8DC3-BED20C51EC77}.Debug|x86.ActiveCfg = Debug|Win32
		{A12A6460-93F5-4DF0-8DC3-BED20C51EC77}.Debug|x86.Build.0 = Debug|Win32
		{A12A6460-93F5-4DF0-8DC3-BED20C51EC77}.Release|x64.ActiveCfg = Release|x64
		{A12A6460-93F5-4DF0-8DC3-BED20C51EC77}.Release|x64.Build.0 = Release|x64
		{A12A6460-93F5-4DF0-8DC3-BED20C51EC77}.Release|x86.ActiveCfg = Release|Win32
		{A12A6460-93F5-4DF0-8DC3-BED20C51EC77}.Release|x86.Build.0 = Release|Win32
		{E7343D16-EC61-439B-A0B5-15CCA021DDA8}.Debug|x64.ActiveCfg = Debug|x64
		{E7343D16-EC61-439B-A0B5-15CCA021DDA8}.Debug|x64.Build.0 = Debug|x64
		{E7343D16-EC61-439B-A0B5-15CCA021DDA8}.Debug|x86.ActiveCfg = Debug|Win32
		{E7343D16-EC61-439B-A0B5-15CCA021DDA8}.Debug|x86.Build.0 = Debug|Win32
		{E7343D16-EC61-439B-A0B5-15CCA021DDA8}.Release|x64.ActiveCfg = Release|x64
		{E7343D16-EC61-439B-A0B5-15CCA021DDA8}.Release|x64.Build.0 = Release|x64
		{E7343D16-EC61-439B-A0B5-15CCA021DDA8}.Release|x86.ActiveCfg = Release|Win32
		{E7343D16-EC61-439B-A0B5-15CCA021DDA8}.Release|x86.Build.0 = Release|Win32
		{A2270624-214E-4B38-9B7E-48C8B39CB0C1}.Debug|x64.ActiveCfg = Debug|x64
		{A2270624-214E-4B38-9B7E-48C8B39CB0C1}.Debug|x64.Build.0 = Debug|x64
		{A2270624-214E-4B38-9B7E-48C8B39CB0C1}.Debug|x86.ActiveCfg = Debug|Win32
		{A2270624-214E-4B38-9B7E-48C8B39CB0C1}.Debug|x86.Build.0 = Debug|Win32
		{A2270624-214E-4B38-9B7E-48C8B39CB0C1}.Release|x64.ActiveCfg = Release|x64
		{A2270624-214E-4B38-9B7E-48C8B39CB0C1}.Release|x64.Build.0 = Release|x64
		{A2270624-214E-4B38-9B7E-48C8B39CB0C1}.Release|x86.ActiveCfg = Release|Win32
		{A2270624-214E-4B38-9B7E-48C8B39CB0C1}.Release|x86.Build.0 = Release|Win32
		{843714F8-F9E8-494B-B15F-338C1C4DC322}.Debug|x64.ActiveCfg = Debug|x64
		{843714F8-F9E8-494B-B15F-338C1C4DC322}.Debug|x64.Build.0 = Debug|x64
		{843714F8-F9E8-494B-B15F-338C1C4DC322}.Debug|x86.ActiveCfg = Debug|Win32
		{843714F8-F9E8-494B-B15F-338C1C4DC322}.Debug|x86.Build.0 = Debug|Win32
		{843714F8-F9E8-494B-B15F-338C1C4DC322}.Release|x64.ActiveCfg = Release|x64
		{843714F8-F9E8-494B-B15F-338C1C4DC322}.Release|x64.Build.0 = Release|x64
		{843714F8-F9E8-494B-B15F-338C1C4DC322}.Release|x86.ActiveCfg = Release|Win32
		{843714F8-F9E8-494B-B15F-338C1C4DC322}.Release|x86.Build.0 = Release|Win32
		{3B444B43-88A7-4EF3-8669-2FCCB013777A}.Debug|x64.ActiveCfg = Debug|x64
		{3B444B43-88A7-4EF3-8669-2FCCB013777A}.Debug|x64.Build.0 = Debug|x64
		{3B444B43-88A7-4EF3-8669-2FCCB013777A}.Debug|x86.ActiveCfg = Debug|Win32
		{3B444B43-88A7-4EF3-8669-2FCCB013777A}.Debug|x86.Build.0 = Debug|Win32
		{3B444B43-88A7-4EF3-8669-2FCCB013777A}.Release|x64.ActiveCfg = Release|x64
		{3B444B43-88A7-4EF3-8669-2FCCB013777A}.Release|x64.Build.0 = Release|x64
		{3B444B43-88A7-4EF3-8669-2FCCB013777A}.Release|x86.ActiveCfg = Release|Win32
		{3B444B43-88A7-4EF3-8669-2FCCB013777A}.Release|x86.Build.0 = Release|Win32
		{BB49EE83-1C2A-43DC-8250-9280D6D3065F}.Debug|x64.ActiveCfg = Debug|x64
		{BB49EE83-1C2A-43DC-8250-9280D6D3065F}.Debug|x64.Build.0 = Debug|x64
		{BB49EE83-1C2A-43DC-8250-9280D6D3065F}.Debug|x86.ActiveCfg = Debug|Win32
		{BB49EE83-1C2A-43DC-8250-9280D6D3065F}.Debug|x86.Build.0 = Debug|Win32
		{BB49EE83-1C2A-43DC-8250-9280D6D3065F}.Release|x64.ActiveCfg = Release|x64
		{BB49EE83-1C2A-43DC-8250-9280D6D3065F}.Release|x64.Build.0 = Release|x64
		{BB49EE83-1C2A-43DC-8250-9280D6D3065F}.Release|x86.ActiveCfg = Release|Win32
		{BB49EE83-1C2A-43DC-8250-9280D6D3065F}.Release|x86.Build.0 = Release|Win32
		{50199521-B363-40E7-8DB1-BC16D095C2CA}.Debug|x64.ActiveCfg = Debug|x64
		{50199521-B363-40E7-8DB1-BC16D095C2CA}.Debug|x64.Build.0 = Debug|x64
		{50199521-B363-40E7-8DB1-BC16D095C2CA}.Debug|x86.ActiveCfg = Debug|Win32
		{50199521-B363-40E7-8DB1-BC16D095C2CA}.Debug|x86.Build.0 = Debug|Win32
		{50199521-B363-40E7-8DB1-BC16D095C2CA}.Release|x64.ActiveCfg = Release|x64
		{50199521-B363-40E7-8DB1-BC16D095C2CA}.Release|x64.Build.0 = Release|x64
		{50199521-B363-40E7-8DB1-BC16D095C2CA}.Release|x86.ActiveCfg = Release|Win32
		{50199521-B363-40E7-8DB1-BC16D095C2CA}.Release|x86.Build.0 = Release|Win32
		{0D76814C-271C-4150-9037-3879C8CA6CC4}.Debug|x64.ActiveCfg = Debug|x64
		{0D76814C-271C-4150-9037-3879C8CA6CC4}.Debug|x64.Build.0 = Debug|x64
		{0D76814C-271C-4150-9037-3879C8CA6CC4}.Debug|x86.ActiveCfg = Debug|Win32
		{0D76814C-271C-4150-9037-3879C8CA6CC4}.Debug|x86.Build.0 = Debug|Win32
		{0D76814C-271C-4150-9037-3879C8CA6CC4}.Release|x64.ActiveCfg = Release|x64
		{0D76814C-271C-4150-9037-3879C8CA6CC4}.Release|x64.Build.0 = Release|x64
		{0D76814C-271C-4150-9037-3879C8CA6CC4}.Release|x86.ActiveCfg = Release|Win32
		{0D76814C-271C-4150-9037-3879C8CA6CC4}.Release|x86.Build.0 = Release|Win32
	EndGlobalSection
	GlobalSection(SolutionProperties) = preSolution
		HideSolutionNode = FALSE
	EndGlobalSection
	GlobalSection(ExtensibilityGlobals) = postSolution
		SolutionGuid = {2083A9F7-CBC6-473C-AACC-29987422BC2E}
	EndGlobalSection
EndGlobal
